// !$*UTF8*$!
{
	archiveVersion = 1;
	classes = {
	};
	objectVersion = 50;
	objects = {

/* Begin PBXBuildFile section */
		52CC032524B0E42B00F4FDB8 /* AppDelegate.swift in Sources */ = {isa = PBXBuildFile; fileRef = 52CC032424B0E42B00F4FDB8 /* AppDelegate.swift */; };
		52CC032724B0E42B00F4FDB8 /* SceneDelegate.swift in Sources */ = {isa = PBXBuildFile; fileRef = 52CC032624B0E42B00F4FDB8 /* SceneDelegate.swift */; };
		52CC032924B0E42B00F4FDB8 /* ContentView.swift in Sources */ = {isa = PBXBuildFile; fileRef = 52CC032824B0E42B00F4FDB8 /* ContentView.swift */; };
		52CC032B24B0E42F00F4FDB8 /* Assets.xcassets in Resources */ = {isa = PBXBuildFile; fileRef = 52CC032A24B0E42F00F4FDB8 /* Assets.xcassets */; };
		52CC032E24B0E42F00F4FDB8 /* Preview Assets.xcassets in Resources */ = {isa = PBXBuildFile; fileRef = 52CC032D24B0E42F00F4FDB8 /* Preview Assets.xcassets */; };
		52CC033124B0E42F00F4FDB8 /* LaunchScreen.storyboard in Resources */ = {isa = PBXBuildFile; fileRef = 52CC032F24B0E42F00F4FDB8 /* LaunchScreen.storyboard */; };
		52CC033C24B0E42F00F4FDB8 /* swiftUITests.swift in Sources */ = {isa = PBXBuildFile; fileRef = 52CC033B24B0E42F00F4FDB8 /* swiftUITests.swift */; };
		52CC034724B0E42F00F4FDB8 /* swiftUIUITests.swift in Sources */ = {isa = PBXBuildFile; fileRef = 52CC034624B0E42F00F4FDB8 /* swiftUIUITests.swift */; };
/* End PBXBuildFile section */

/* Begin PBXContainerItemProxy section */
		52CC033824B0E42F00F4FDB8 /* PBXContainerItemProxy */ = {
			isa = PBXContainerItemProxy;
			containerPortal = 52CC031924B0E42B00F4FDB8 /* Project object */;
			proxyType = 1;
			remoteGlobalIDString = 52CC032024B0E42B00F4FDB8;
			remoteInfo = swiftUI;
		};
		52CC034324B0E42F00F4FDB8 /* PBXContainerItemProxy */ = {
			isa = PBXContainerItemProxy;
			containerPortal = 52CC031924B0E42B00F4FDB8 /* Project object */;
			proxyType = 1;
			remoteGlobalIDString = 52CC032024B0E42B00F4FDB8;
			remoteInfo = swiftUI;
		};
/* End PBXContainerItemProxy section */

/* Begin PBXFileReference section */
		52CC032124B0E42B00F4FDB8 /* swiftUI.app */ = {isa = PBXFileReference; explicitFileType = wrapper.application; includeInIndex = 0; path = swiftUI.app; sourceTree = BUILT_PRODUCTS_DIR; };
		52CC032424B0E42B00F4FDB8 /* AppDelegate.swift */ = {isa = PBXFileReference; lastKnownFileType = sourcecode.swift; path = AppDelegate.swift; sourceTree = "<group>"; };
		52CC032624B0E42B00F4FDB8 /* SceneDelegate.swift */ = {isa = PBXFileReference; lastKnownFileType = sourcecode.swift; path = SceneDelegate.swift; sourceTree = "<group>"; };
		52CC032824B0E42B00F4FDB8 /* ContentView.swift */ = {isa = PBXFileReference; lastKnownFileType = sourcecode.swift; path = ContentView.swift; sourceTree = "<group>"; };
		52CC032A24B0E42F00F4FDB8 /* Assets.xcassets */ = {isa = PBXFileReference; lastKnownFileType = folder.assetcatalog; path = Assets.xcassets; sourceTree = "<group>"; };
		52CC032D24B0E42F00F4FDB8 /* Preview Assets.xcassets */ = {isa = PBXFileReference; lastKnownFileType = folder.assetcatalog; path = "Preview Assets.xcassets"; sourceTree = "<group>"; };
		52CC033024B0E42F00F4FDB8 /* Base */ = {isa = PBXFileReference; lastKnownFileType = file.storyboard; name = Base; path = Base.lproj/LaunchScreen.storyboard; sourceTree = "<group>"; };
		52CC033224B0E42F00F4FDB8 /* Info.plist */ = {isa = PBXFileReference; lastKnownFileType = text.plist.xml; path = Info.plist; sourceTree = "<group>"; };
		52CC033724B0E42F00F4FDB8 /* swiftUITests.xctest */ = {isa = PBXFileReference; explicitFileType = wrapper.cfbundle; includeInIndex = 0; path = swiftUITests.xctest; sourceTree = BUILT_PRODUCTS_DIR; };
		52CC033B24B0E42F00F4FDB8 /* swiftUITests.swift */ = {isa = PBXFileReference; lastKnownFileType = sourcecode.swift; path = swiftUITests.swift; sourceTree = "<group>"; };
		52CC033D24B0E42F00F4FDB8 /* Info.plist */ = {isa = PBXFileReference; lastKnownFileType = text.plist.xml; path = Info.plist; sourceTree = "<group>"; };
		52CC034224B0E42F00F4FDB8 /* swiftUIUITests.xctest */ = {isa = PBXFileReference; explicitFileType = wrapper.cfbundle; includeInIndex = 0; path = swiftUIUITests.xctest; sourceTree = BUILT_PRODUCTS_DIR; };
		52CC034624B0E42F00F4FDB8 /* swiftUIUITests.swift */ = {isa = PBXFileReference; lastKnownFileType = sourcecode.swift; path = swiftUIUITests.swift; sourceTree = "<group>"; };
		52CC034824B0E42F00F4FDB8 /* Info.plist */ = {isa = PBXFileReference; lastKnownFileType = text.plist.xml; path = Info.plist; sourceTree = "<group>"; };
/* End PBXFileReference section */

/* Begin PBXFrameworksBuildPhase section */
		52CC031E24B0E42B00F4FDB8 /* Frameworks */ = {
			isa = PBXFrameworksBuildPhase;
			buildActionMask = 2147483647;
			files = (
			);
			runOnlyForDeploymentPostprocessing = 0;
		};
		52CC033424B0E42F00F4FDB8 /* Frameworks */ = {
			isa = PBXFrameworksBuildPhase;
			buildActionMask = 2147483647;
			files = (
			);
			runOnlyForDeploymentPostprocessing = 0;
		};
		52CC033F24B0E42F00F4FDB8 /* Frameworks */ = {
			isa = PBXFrameworksBuildPhase;
			buildActionMask = 2147483647;
			files = (
			);
			runOnlyForDeploymentPostprocessing = 0;
		};
/* End PBXFrameworksBuildPhase section */

/* Begin PBXGroup section */
		52CC031824B0E42B00F4FDB8 = {
			isa = PBXGroup;
			children = (
				52CC032324B0E42B00F4FDB8 /* swiftUI */,
				52CC033A24B0E42F00F4FDB8 /* swiftUITests */,
				52CC034524B0E42F00F4FDB8 /* swiftUIUITests */,
				52CC032224B0E42B00F4FDB8 /* Products */,
			);
			sourceTree = "<group>";
		};
		52CC032224B0E42B00F4FDB8 /* Products */ = {
			isa = PBXGroup;
			children = (
				52CC032124B0E42B00F4FDB8 /* swiftUI.app */,
				52CC033724B0E42F00F4FDB8 /* swiftUITests.xctest */,
				52CC034224B0E42F00F4FDB8 /* swiftUIUITests.xctest */,
			);
			name = Products;
			sourceTree = "<group>";
		};
		52CC032324B0E42B00F4FDB8 /* swiftUI */ = {
			isa = PBXGroup;
			children = (
				52CC032424B0E42B00F4FDB8 /* AppDelegate.swift */,
				52CC032624B0E42B00F4FDB8 /* SceneDelegate.swift */,
				52CC032824B0E42B00F4FDB8 /* ContentView.swift */,
				52CC032A24B0E42F00F4FDB8 /* Assets.xcassets */,
				52CC032F24B0E42F00F4FDB8 /* LaunchScreen.storyboard */,
				52CC033224B0E42F00F4FDB8 /* Info.plist */,
				52CC032C24B0E42F00F4FDB8 /* Preview Content */,
			);
			path = swiftUI;
			sourceTree = "<group>";
		};
		52CC032C24B0E42F00F4FDB8 /* Preview Content */ = {
			isa = PBXGroup;
			children = (
				52CC032D24B0E42F00F4FDB8 /* Preview Assets.xcassets */,
			);
			path = "Preview Content";
			sourceTree = "<group>";
		};
		52CC033A24B0E42F00F4FDB8 /* swiftUITests */ = {
			isa = PBXGroup;
			children = (
				52CC033B24B0E42F00F4FDB8 /* swiftUITests.swift */,
				52CC033D24B0E42F00F4FDB8 /* Info.plist */,
			);
			path = swiftUITests;
			sourceTree = "<group>";
		};
		52CC034524B0E42F00F4FDB8 /* swiftUIUITests */ = {
			isa = PBXGroup;
			children = (
				52CC034624B0E42F00F4FDB8 /* swiftUIUITests.swift */,
				52CC034824B0E42F00F4FDB8 /* Info.plist */,
			);
			path = swiftUIUITests;
			sourceTree = "<group>";
		};
/* End PBXGroup section */

/* Begin PBXNativeTarget section */
		52CC032024B0E42B00F4FDB8 /* swiftUI */ = {
			isa = PBXNativeTarget;
			buildConfigurationList = 52CC034B24B0E42F00F4FDB8 /* Build configuration list for PBXNativeTarget "swiftUI" */;
			buildPhases = (
				52CC031D24B0E42B00F4FDB8 /* Sources */,
				52CC031E24B0E42B00F4FDB8 /* Frameworks */,
				52CC031F24B0E42B00F4FDB8 /* Resources */,
			);
			buildRules = (
			);
			dependencies = (
			);
			name = swiftUI;
			productName = swiftUI;
			productReference = 52CC032124B0E42B00F4FDB8 /* swiftUI.app */;
			productType = "com.apple.product-type.application";
		};
		52CC033624B0E42F00F4FDB8 /* swiftUITests */ = {
			isa = PBXNativeTarget;
			buildConfigurationList = 52CC034E24B0E42F00F4FDB8 /* Build configuration list for PBXNativeTarget "swiftUITests" */;
			buildPhases = (
				52CC033324B0E42F00F4FDB8 /* Sources */,
				52CC033424B0E42F00F4FDB8 /* Frameworks */,
				52CC033524B0E42F00F4FDB8 /* Resources */,
			);
			buildRules = (
			);
			dependencies = (
				52CC033924B0E42F00F4FDB8 /* PBXTargetDependency */,
			);
			name = swiftUITests;
			productName = swiftUITests;
			productReference = 52CC033724B0E42F00F4FDB8 /* swiftUITests.xctest */;
			productType = "com.apple.product-type.bundle.unit-test";
		};
		52CC034124B0E42F00F4FDB8 /* swiftUIUITests */ = {
			isa = PBXNativeTarget;
			buildConfigurationList = 52CC035124B0E42F00F4FDB8 /* Build configuration list for PBXNativeTarget "swiftUIUITests" */;
			buildPhases = (
				52CC033E24B0E42F00F4FDB8 /* Sources */,
				52CC033F24B0E42F00F4FDB8 /* Frameworks */,
				52CC034024B0E42F00F4FDB8 /* Resources */,
			);
			buildRules = (
			);
			dependencies = (
				52CC034424B0E42F00F4FDB8 /* PBXTargetDependency */,
			);
			name = swiftUIUITests;
			productName = swiftUIUITests;
			productReference = 52CC034224B0E42F00F4FDB8 /* swiftUIUITests.xctest */;
			productType = "com.apple.product-type.bundle.ui-testing";
		};
/* End PBXNativeTarget section */

/* Begin PBXProject section */
		52CC031924B0E42B00F4FDB8 /* Project object */ = {
			isa = PBXProject;
			attributes = {
				LastSwiftUpdateCheck = 1200;
				LastUpgradeCheck = 1200;
				TargetAttributes = {
					52CC032024B0E42B00F4FDB8 = {
						CreatedOnToolsVersion = 12.0;
					};
					52CC033624B0E42F00F4FDB8 = {
						CreatedOnToolsVersion = 12.0;
						TestTargetID = 52CC032024B0E42B00F4FDB8;
					};
					52CC034124B0E42F00F4FDB8 = {
						CreatedOnToolsVersion = 12.0;
						TestTargetID = 52CC032024B0E42B00F4FDB8;
					};
				};
			};
			buildConfigurationList = 52CC031C24B0E42B00F4FDB8 /* Build configuration list for PBXProject "swiftUI" */;
			compatibilityVersion = "Xcode 9.3";
			developmentRegion = en;
			hasScannedForEncodings = 0;
			knownRegions = (
				en,
				Base,
			);
			mainGroup = 52CC031824B0E42B00F4FDB8;
			productRefGroup = 52CC032224B0E42B00F4FDB8 /* Products */;
			projectDirPath = "";
			projectRoot = "";
			targets = (
				52CC032024B0E42B00F4FDB8 /* swiftUI */,
				52CC033624B0E42F00F4FDB8 /* swiftUITests */,
				52CC034124B0E42F00F4FDB8 /* swiftUIUITests */,
			);
		};
/* End PBXProject section */

/* Begin PBXResourcesBuildPhase section */
		52CC031F24B0E42B00F4FDB8 /* Resources */ = {
			isa = PBXResourcesBuildPhase;
			buildActionMask = 2147483647;
			files = (
				52CC033124B0E42F00F4FDB8 /* LaunchScreen.storyboard in Resources */,
				52CC032E24B0E42F00F4FDB8 /* Preview Assets.xcassets in Resources */,
				52CC032B24B0E42F00F4FDB8 /* Assets.xcassets in Resources */,
			);
			runOnlyForDeploymentPostprocessing = 0;
		};
		52CC033524B0E42F00F4FDB8 /* Resources */ = {
			isa = PBXResourcesBuildPhase;
			buildActionMask = 2147483647;
			files = (
			);
			runOnlyForDeploymentPostprocessing = 0;
		};
		52CC034024B0E42F00F4FDB8 /* Resources */ = {
			isa = PBXResourcesBuildPhase;
			buildActionMask = 2147483647;
			files = (
			);
			runOnlyForDeploymentPostprocessing = 0;
		};
/* End PBXResourcesBuildPhase section */

/* Begin PBXSourcesBuildPhase section */
		52CC031D24B0E42B00F4FDB8 /* Sources */ = {
			isa = PBXSourcesBuildPhase;
			buildActionMask = 2147483647;
			files = (
				52CC032524B0E42B00F4FDB8 /* AppDelegate.swift in Sources */,
				52CC032724B0E42B00F4FDB8 /* SceneDelegate.swift in Sources */,
				52CC032924B0E42B00F4FDB8 /* ContentView.swift in Sources */,
			);
			runOnlyForDeploymentPostprocessing = 0;
		};
		52CC033324B0E42F00F4FDB8 /* Sources */ = {
			isa = PBXSourcesBuildPhase;
			buildActionMask = 2147483647;
			files = (
				52CC033C24B0E42F00F4FDB8 /* swiftUITests.swift in Sources */,
			);
			runOnlyForDeploymentPostprocessing = 0;
		};
		52CC033E24B0E42F00F4FDB8 /* Sources */ = {
			isa = PBXSourcesBuildPhase;
			buildActionMask = 2147483647;
			files = (
				52CC034724B0E42F00F4FDB8 /* swiftUIUITests.swift in Sources */,
			);
			runOnlyForDeploymentPostprocessing = 0;
		};
/* End PBXSourcesBuildPhase section */

/* Begin PBXTargetDependency section */
		52CC033924B0E42F00F4FDB8 /* PBXTargetDependency */ = {
			isa = PBXTargetDependency;
			target = 52CC032024B0E42B00F4FDB8 /* swiftUI */;
			targetProxy = 52CC033824B0E42F00F4FDB8 /* PBXContainerItemProxy */;
		};
		52CC034424B0E42F00F4FDB8 /* PBXTargetDependency */ = {
			isa = PBXTargetDependency;
			target = 52CC032024B0E42B00F4FDB8 /* swiftUI */;
			targetProxy = 52CC034324B0E42F00F4FDB8 /* PBXContainerItemProxy */;
		};
/* End PBXTargetDependency section */

/* Begin PBXVariantGroup section */
		52CC032F24B0E42F00F4FDB8 /* LaunchScreen.storyboard */ = {
			isa = PBXVariantGroup;
			children = (
				52CC033024B0E42F00F4FDB8 /* Base */,
			);
			name = LaunchScreen.storyboard;
			sourceTree = "<group>";
		};
/* End PBXVariantGroup section */

/* Begin XCBuildConfiguration section */
		52CC034924B0E42F00F4FDB8 /* Debug */ = {
			isa = XCBuildConfiguration;
			buildSettings = {
				ALWAYS_SEARCH_USER_PATHS = NO;
				CLANG_ANALYZER_NONNULL = YES;
				CLANG_ANALYZER_NUMBER_OBJECT_CONVERSION = YES_AGGRESSIVE;
				CLANG_CXX_LANGUAGE_STANDARD = "gnu++14";
				CLANG_CXX_LIBRARY = "libc++";
				CLANG_ENABLE_MODULES = YES;
				CLANG_ENABLE_OBJC_ARC = YES;
				CLANG_ENABLE_OBJC_WEAK = YES;
				CLANG_WARN_BLOCK_CAPTURE_AUTORELEASING = YES;
				CLANG_WARN_BOOL_CONVERSION = YES;
				CLANG_WARN_COMMA = YES;
				CLANG_WARN_CONSTANT_CONVERSION = YES;
				CLANG_WARN_DEPRECATED_OBJC_IMPLEMENTATIONS = YES;
				CLANG_WARN_DIRECT_OBJC_ISA_USAGE = YES_ERROR;
				CLANG_WARN_DOCUMENTATION_COMMENTS = YES;
				CLANG_WARN_EMPTY_BODY = YES;
				CLANG_WARN_ENUM_CONVERSION = YES;
				CLANG_WARN_INFINITE_RECURSION = YES;
				CLANG_WARN_INT_CONVERSION = YES;
				CLANG_WARN_NON_LITERAL_NULL_CONVERSION = YES;
				CLANG_WARN_OBJC_IMPLICIT_RETAIN_SELF = YES;
				CLANG_WARN_OBJC_LITERAL_CONVERSION = YES;
				CLANG_WARN_OBJC_ROOT_CLASS = YES_ERROR;
				CLANG_WARN_QUOTED_INCLUDE_IN_FRAMEWORK_HEADER = YES;
				CLANG_WARN_RANGE_LOOP_ANALYSIS = YES;
				CLANG_WARN_STRICT_PROTOTYPES = YES;
				CLANG_WARN_SUSPICIOUS_MOVE = YES;
				CLANG_WARN_UNGUARDED_AVAILABILITY = YES_AGGRESSIVE;
				CLANG_WARN_UNREACHABLE_CODE = YES;
				CLANG_WARN__DUPLICATE_METHOD_MATCH = YES;
				COPY_PHASE_STRIP = NO;
				DEBUG_INFORMATION_FORMAT = dwarf;
				ENABLE_STRICT_OBJC_MSGSEND = YES;
				ENABLE_TESTABILITY = YES;
				GCC_C_LANGUAGE_STANDARD = gnu11;
				GCC_DYNAMIC_NO_PIC = NO;
				GCC_NO_COMMON_BLOCKS = YES;
				GCC_OPTIMIZATION_LEVEL = 0;
				GCC_PREPROCESSOR_DEFINITIONS = (
					"DEBUG=1",
					"$(inherited)",
				);
				GCC_WARN_64_TO_32_BIT_CONVERSION = YES;
				GCC_WARN_ABOUT_RETURN_TYPE = YES_ERROR;
				GCC_WARN_UNDECLARED_SELECTOR = YES;
				GCC_WARN_UNINITIALIZED_AUTOS = YES_AGGRESSIVE;
				GCC_WARN_UNUSED_FUNCTION = YES;
				GCC_WARN_UNUSED_VARIABLE = YES;
				IPHONEOS_DEPLOYMENT_TARGET = 14.0;
				MTL_ENABLE_DEBUG_INFO = INCLUDE_SOURCE;
				MTL_FAST_MATH = YES;
				ONLY_ACTIVE_ARCH = YES;
				SDKROOT = iphoneos;
				SWIFT_ACTIVE_COMPILATION_CONDITIONS = DEBUG;
				SWIFT_OPTIMIZATION_LEVEL = "-Onone";
			};
			name = Debug;
		};
		52CC034A24B0E42F00F4FDB8 /* Release */ = {
			isa = XCBuildConfiguration;
			buildSettings = {
				ALWAYS_SEARCH_USER_PATHS = NO;
				CLANG_ANALYZER_NONNULL = YES;
				CLANG_ANALYZER_NUMBER_OBJECT_CONVERSION = YES_AGGRESSIVE;
				CLANG_CXX_LANGUAGE_STANDARD = "gnu++14";
				CLANG_CXX_LIBRARY = "libc++";
				CLANG_ENABLE_MODULES = YES;
				CLANG_ENABLE_OBJC_ARC = YES;
				CLANG_ENABLE_OBJC_WEAK = YES;
				CLANG_WARN_BLOCK_CAPTURE_AUTORELEASING = YES;
				CLANG_WARN_BOOL_CONVERSION = YES;
				CLANG_WARN_COMMA = YES;
				CLANG_WARN_CONSTANT_CONVERSION = YES;
				CLANG_WARN_DEPRECATED_OBJC_IMPLEMENTATIONS = YES;
				CLANG_WARN_DIRECT_OBJC_ISA_USAGE = YES_ERROR;
				CLANG_WARN_DOCUMENTATION_COMMENTS = YES;
				CLANG_WARN_EMPTY_BODY = YES;
				CLANG_WARN_ENUM_CONVERSION = YES;
				CLANG_WARN_INFINITE_RECURSION = YES;
				CLANG_WARN_INT_CONVERSION = YES;
				CLANG_WARN_NON_LITERAL_NULL_CONVERSION = YES;
				CLANG_WARN_OBJC_IMPLICIT_RETAIN_SELF = YES;
				CLANG_WARN_OBJC_LITERAL_CONVERSION = YES;
				CLANG_WARN_OBJC_ROOT_CLASS = YES_ERROR;
				CLANG_WARN_QUOTED_INCLUDE_IN_FRAMEWORK_HEADER = YES;
				CLANG_WARN_RANGE_LOOP_ANALYSIS = YES;
				CLANG_WARN_STRICT_PROTOTYPES = YES;
				CLANG_WARN_SUSPICIOUS_MOVE = YES;
				CLANG_WARN_UNGUARDED_AVAILABILITY = YES_AGGRESSIVE;
				CLANG_WARN_UNREACHABLE_CODE = YES;
				CLANG_WARN__DUPLICATE_METHOD_MATCH = YES;
				COPY_PHASE_STRIP = NO;
				DEBUG_INFORMATION_FORMAT = "dwarf-with-dsym";
				ENABLE_NS_ASSERTIONS = NO;
				ENABLE_STRICT_OBJC_MSGSEND = YES;
				GCC_C_LANGUAGE_STANDARD = gnu11;
				GCC_NO_COMMON_BLOCKS = YES;
				GCC_WARN_64_TO_32_BIT_CONVERSION = YES;
				GCC_WARN_ABOUT_RETURN_TYPE = YES_ERROR;
				GCC_WARN_UNDECLARED_SELECTOR = YES;
				GCC_WARN_UNINITIALIZED_AUTOS = YES_AGGRESSIVE;
				GCC_WARN_UNUSED_FUNCTION = YES;
				GCC_WARN_UNUSED_VARIABLE = YES;
				IPHONEOS_DEPLOYMENT_TARGET = 14.0;
				MTL_ENABLE_DEBUG_INFO = NO;
				MTL_FAST_MATH = YES;
				SDKROOT = iphoneos;
				SWIFT_COMPILATION_MODE = wholemodule;
				SWIFT_OPTIMIZATION_LEVEL = "-O";
				VALIDATE_PRODUCT = YES;
			};
			name = Release;
		};
		52CC034C24B0E42F00F4FDB8 /* Debug */ = {
			isa = XCBuildConfiguration;
			buildSettings = {
				ASSETCATALOG_COMPILER_APPICON_NAME = AppIcon;
				ASSETCATALOG_COMPILER_GLOBAL_ACCENT_COLOR_NAME = AccentColor;
				CODE_SIGN_STYLE = Automatic;
				DEVELOPMENT_ASSET_PATHS = "\"swiftUI/Preview Content\"";
				DEVELOPMENT_TEAM = B7W23X7N33;
				ENABLE_PREVIEWS = YES;
				INFOPLIST_FILE = swiftUI/Info.plist;
				LD_RUNPATH_SEARCH_PATHS = (
					"$(inherited)",
					"@executable_path/Frameworks",
				);
				PRODUCT_BUNDLE_IDENTIFIER = "leandro-ramos.swiftUI";
				PRODUCT_NAME = "$(TARGET_NAME)";
				SWIFT_VERSION = 5.0;
				TARGETED_DEVICE_FAMILY = "1,2";
			};
			name = Debug;
		};
		52CC034D24B0E42F00F4FDB8 /* Release */ = {
			isa = XCBuildConfiguration;
			buildSettings = {
				ASSETCATALOG_COMPILER_APPICON_NAME = AppIcon;
				ASSETCATALOG_COMPILER_GLOBAL_ACCENT_COLOR_NAME = AccentColor;
				CODE_SIGN_STYLE = Automatic;
				DEVELOPMENT_ASSET_PATHS = "\"swiftUI/Preview Content\"";
				DEVELOPMENT_TEAM = B7W23X7N33;
				ENABLE_PREVIEWS = YES;
				INFOPLIST_FILE = swiftUI/Info.plist;
				LD_RUNPATH_SEARCH_PATHS = (
					"$(inherited)",
					"@executable_path/Frameworks",
				);
				PRODUCT_BUNDLE_IDENTIFIER = "leandro-ramos.swiftUI";
				PRODUCT_NAME = "$(TARGET_NAME)";
				SWIFT_VERSION = 5.0;
				TARGETED_DEVICE_FAMILY = "1,2";
			};
			name = Release;
		};
		52CC034F24B0E42F00F4FDB8 /* Debug */ = {
			isa = XCBuildConfiguration;
			buildSettings = {
				ALWAYS_EMBED_SWIFT_STANDARD_LIBRARIES = YES;
				BUNDLE_LOADER = "$(TEST_HOST)";
				CODE_SIGN_STYLE = Automatic;
				DEVELOPMENT_TEAM = B7W23X7N33;
				INFOPLIST_FILE = swiftUITests/Info.plist;
				IPHONEOS_DEPLOYMENT_TARGET = 14.0;
				LD_RUNPATH_SEARCH_PATHS = (
					"$(inherited)",
					"@executable_path/Frameworks",
					"@loader_path/Frameworks",
				);
				PRODUCT_BUNDLE_IDENTIFIER = "leandro-ramos.swiftUITests";
				PRODUCT_NAME = "$(TARGET_NAME)";
				SWIFT_VERSION = 5.0;
				TARGETED_DEVICE_FAMILY = "1,2";
				TEST_HOST = "$(BUILT_PRODUCTS_DIR)/swiftUI.app/swiftUI";
			};
			name = Debug;
		};
		52CC035024B0E42F00F4FDB8 /* Release */ = {
			isa = XCBuildConfiguration;
			buildSettings = {
				ALWAYS_EMBED_SWIFT_STANDARD_LIBRARIES = YES;
				BUNDLE_LOADER = "$(TEST_HOST)";
				CODE_SIGN_STYLE = Automatic;
				DEVELOPMENT_TEAM = B7W23X7N33;
				INFOPLIST_FILE = swiftUITests/Info.plist;
				IPHONEOS_DEPLOYMENT_TARGET = 14.0;
				LD_RUNPATH_SEARCH_PATHS = (
					"$(inherited)",
					"@executable_path/Frameworks",
					"@loader_path/Frameworks",
				);
				PRODUCT_BUNDLE_IDENTIFIER = "leandro-ramos.swiftUITests";
				PRODUCT_NAME = "$(TARGET_NAME)";
				SWIFT_VERSION = 5.0;
				TARGETED_DEVICE_FAMILY = "1,2";
				TEST_HOST = "$(BUILT_PRODUCTS_DIR)/swiftUI.app/swiftUI";
			};
			name = Release;
		};
		52CC035224B0E42F00F4FDB8 /* Debug */ = {
			isa = XCBuildConfiguration;
			buildSettings = {
				ALWAYS_EMBED_SWIFT_STANDARD_LIBRARIES = YES;
				CODE_SIGN_STYLE = Automatic;
				DEVELOPMENT_TEAM = B7W23X7N33;
				INFOPLIST_FILE = swiftUIUITests/Info.plist;
				LD_RUNPATH_SEARCH_PATHS = (
					"$(inherited)",
					"@executable_path/Frameworks",
					"@loader_path/Frameworks",
				);
				PRODUCT_BUNDLE_IDENTIFIER = "leandro-ramos.swiftUIUITests";
				PRODUCT_NAME = "$(TARGET_NAME)";
				SWIFT_VERSION = 5.0;
				TARGETED_DEVICE_FAMILY = "1,2";
				TEST_TARGET_NAME = swiftUI;
			};
			name = Debug;
		};
		52CC035324B0E42F00F4FDB8 /* Release */ = {
			isa = XCBuildConfiguration;
			buildSettings = {
				ALWAYS_EMBED_SWIFT_STANDARD_LIBRARIES = YES;
				CODE_SIGN_STYLE = Automatic;
				DEVELOPMENT_TEAM = B7W23X7N33;
				INFOPLIST_FILE = swiftUIUITests/Info.plist;
				LD_RUNPATH_SEARCH_PATHS = (
					"$(inherited)",
					"@executable_path/Frameworks",
					"@loader_path/Frameworks",
				);
				PRODUCT_BUNDLE_IDENTIFIER = "leandro-ramos.swiftUIUITests";
				PRODUCT_NAME = "$(TARGET_NAME)";
				SWIFT_VERSION = 5.0;
				TARGETED_DEVICE_FAMILY = "1,2";
				TEST_TARGET_NAME = swiftUI;
			};
			name = Release;
		};
/* End XCBuildConfiguration section */

/* Begin XCConfigurationList section */
		52CC031C24B0E42B00F4FDB8 /* Build configuration list for PBXProject "swiftUI" */ = {
			isa = XCConfigurationList;
			buildConfigurations = (
				52CC034924B0E42F00F4FDB8 /* Debug */,
				52CC034A24B0E42F00F4FDB8 /* Release */,
			);
			defaultConfigurationIsVisible = 0;
			defaultConfigurationName = Release;
		};
		52CC034B24B0E42F00F4FDB8 /* Build configuration list for PBXNativeTarget "swiftUI" */ = {
			isa = XCConfigurationList;
			buildConfigurations = (
				52CC034C24B0E42F00F4FDB8 /* Debug */,
				52CC034D24B0E42F00F4FDB8 /* Release */,
			);
			defaultConfigurationIsVisible = 0;
			defaultConfigurationName = Release;
		};
		52CC034E24B0E42F00F4FDB8 /* Build configuration list for PBXNativeTarget "swiftUITests" */ = {
			isa = XCConfigurationList;
			buildConfigurations = (
				52CC034F24B0E42F00F4FDB8 /* Debug */,
				52CC035024B0E42F00F4FDB8 /* Release */,
			);
			defaultConfigurationIsVisible = 0;
			defaultConfigurationName = Release;
		};
		52CC035124B0E42F00F4FDB8 /* Build configuration list for PBXNativeTarget "swiftUIUITests" */ = {
			isa = XCConfigurationList;
			buildConfigurations = (
				52CC035224B0E42F00F4FDB8 /* Debug */,
				52CC035324B0E42F00F4FDB8 /* Release */,
			);
			defaultConfigurationIsVisible = 0;
			defaultConfigurationName = Release;
		};
/* End XCConfigurationList section */
	};
	rootObject = 52CC031924B0E42B00F4FDB8 /* Project object */;
}
