// !$*UTF8*$!
{
	archiveVersion = 1;
	classes = {
	};
	objectVersion = 51;
	objects = {

/* Begin PBXBuildFile section */
		529A1C1F247BF09D00CA723B /* LoginProtocols.swift in Sources */ = {isa = PBXBuildFile; fileRef = 529A1C1E247BF09D00CA723B /* LoginProtocols.swift */; };
		529A1C21247BF24C00CA723B /* LoginPresenter.swift in Sources */ = {isa = PBXBuildFile; fileRef = 529A1C20247BF24C00CA723B /* LoginPresenter.swift */; };
		529A1C23247BF2DF00CA723B /* LoginInteractor.swift in Sources */ = {isa = PBXBuildFile; fileRef = 529A1C22247BF2DF00CA723B /* LoginInteractor.swift */; };
		529A1C25247BF31B00CA723B /* LoginRouter.swift in Sources */ = {isa = PBXBuildFile; fileRef = 529A1C24247BF31B00CA723B /* LoginRouter.swift */; };
		529A1C27247BF3CC00CA723B /* LoginViewController.swift in Sources */ = {isa = PBXBuildFile; fileRef = 529A1C26247BF3CC00CA723B /* LoginViewController.swift */; };
		529A1C2B247BF58700CA723B /* SignUpProtocols.swift in Sources */ = {isa = PBXBuildFile; fileRef = 529A1C2A247BF58700CA723B /* SignUpProtocols.swift */; };
		529A1C2D247BF8F800CA723B /* SignUpPresenter.swift in Sources */ = {isa = PBXBuildFile; fileRef = 529A1C2C247BF8F800CA723B /* SignUpPresenter.swift */; };
		529A1C2F247BF98100CA723B /* SignUpInteractor.swift in Sources */ = {isa = PBXBuildFile; fileRef = 529A1C2E247BF98100CA723B /* SignUpInteractor.swift */; };
		529A1C31247C007A00CA723B /* SignUpRouter.swift in Sources */ = {isa = PBXBuildFile; fileRef = 529A1C30247C007A00CA723B /* SignUpRouter.swift */; };
		529A1C33247C03D700CA723B /* SignUpViewController.swift in Sources */ = {isa = PBXBuildFile; fileRef = 529A1C32247C03D700CA723B /* SignUpViewController.swift */; };
		529A1C36247C0A5B00CA723B /* MainProtocols.swift in Sources */ = {isa = PBXBuildFile; fileRef = 529A1C35247C0A5B00CA723B /* MainProtocols.swift */; };
		529A1C38247C0BFF00CA723B /* MainPresenter.swift in Sources */ = {isa = PBXBuildFile; fileRef = 529A1C37247C0BFF00CA723B /* MainPresenter.swift */; };
		529A1C3A247C0C7600CA723B /* MainInteractor.swift in Sources */ = {isa = PBXBuildFile; fileRef = 529A1C39247C0C7600CA723B /* MainInteractor.swift */; };
		529A1C3C247C0CBA00CA723B /* MainRouter.swift in Sources */ = {isa = PBXBuildFile; fileRef = 529A1C3B247C0CBA00CA723B /* MainRouter.swift */; };
		529A1C3E247C0D4400CA723B /* MainViewController.swift in Sources */ = {isa = PBXBuildFile; fileRef = 529A1C3D247C0D4400CA723B /* MainViewController.swift */; };
		52C38064247BECD100D7972A /* AppDelegate.swift in Sources */ = {isa = PBXBuildFile; fileRef = 52C38063247BECD100D7972A /* AppDelegate.swift */; };
		52C38066247BECD100D7972A /* SceneDelegate.swift in Sources */ = {isa = PBXBuildFile; fileRef = 52C38065247BECD100D7972A /* SceneDelegate.swift */; };
		52C3806B247BECD100D7972A /* Main.storyboard in Resources */ = {isa = PBXBuildFile; fileRef = 52C38069247BECD100D7972A /* Main.storyboard */; };
		52C3806E247BECD100D7972A /* Pain.xcdatamodeld in Sources */ = {isa = PBXBuildFile; fileRef = 52C3806C247BECD100D7972A /* Pain.xcdatamodeld */; };
		52C38070247BECD300D7972A /* Assets.xcassets in Resources */ = {isa = PBXBuildFile; fileRef = 52C3806F247BECD300D7972A /* Assets.xcassets */; };
		52C38073247BECD300D7972A /* LaunchScreen.storyboard in Resources */ = {isa = PBXBuildFile; fileRef = 52C38071247BECD300D7972A /* LaunchScreen.storyboard */; };
		52C3807E247BECD300D7972A /* PainTests.swift in Sources */ = {isa = PBXBuildFile; fileRef = 52C3807D247BECD300D7972A /* PainTests.swift */; };
		9226F28C294B288B3CBDB6B9 /* Pods_PainTests.framework in Frameworks */ = {isa = PBXBuildFile; fileRef = 17D68FA72B37B1A6169404A5 /* Pods_PainTests.framework */; };
		98B9486516ABBB9305204D1C /* Pods_Pain.framework in Frameworks */ = {isa = PBXBuildFile; fileRef = ECE6E7BB66B84C4643C46C69 /* Pods_Pain.framework */; };
/* End PBXBuildFile section */

/* Begin PBXContainerItemProxy section */
		52C3807A247BECD300D7972A /* PBXContainerItemProxy */ = {
			isa = PBXContainerItemProxy;
			containerPortal = 52C38058247BECD100D7972A /* Project object */;
			proxyType = 1;
			remoteGlobalIDString = 52C3805F247BECD100D7972A;
			remoteInfo = Pain;
		};
/* End PBXContainerItemProxy section */

/* Begin PBXFileReference section */
		0955EE41E94C3360440146CD /* Pods-PainTests.debug.xcconfig */ = {isa = PBXFileReference; includeInIndex = 1; lastKnownFileType = text.xcconfig; name = "Pods-PainTests.debug.xcconfig"; path = "Target Support Files/Pods-PainTests/Pods-PainTests.debug.xcconfig"; sourceTree = "<group>"; };
		17D68FA72B37B1A6169404A5 /* Pods_PainTests.framework */ = {isa = PBXFileReference; explicitFileType = wrapper.framework; includeInIndex = 0; path = Pods_PainTests.framework; sourceTree = BUILT_PRODUCTS_DIR; };
		2060E63C93C98A07C614C764 /* Pods-Pain.debug.xcconfig */ = {isa = PBXFileReference; includeInIndex = 1; lastKnownFileType = text.xcconfig; name = "Pods-Pain.debug.xcconfig"; path = "Target Support Files/Pods-Pain/Pods-Pain.debug.xcconfig"; sourceTree = "<group>"; };
		529A1C1E247BF09D00CA723B /* LoginProtocols.swift */ = {isa = PBXFileReference; lastKnownFileType = sourcecode.swift; path = LoginProtocols.swift; sourceTree = "<group>"; };
		529A1C20247BF24C00CA723B /* LoginPresenter.swift */ = {isa = PBXFileReference; lastKnownFileType = sourcecode.swift; path = LoginPresenter.swift; sourceTree = "<group>"; };
		529A1C22247BF2DF00CA723B /* LoginInteractor.swift */ = {isa = PBXFileReference; lastKnownFileType = sourcecode.swift; path = LoginInteractor.swift; sourceTree = "<group>"; };
		529A1C24247BF31B00CA723B /* LoginRouter.swift */ = {isa = PBXFileReference; lastKnownFileType = sourcecode.swift; path = LoginRouter.swift; sourceTree = "<group>"; };
		529A1C26247BF3CC00CA723B /* LoginViewController.swift */ = {isa = PBXFileReference; lastKnownFileType = sourcecode.swift; path = LoginViewController.swift; sourceTree = "<group>"; };
		529A1C2A247BF58700CA723B /* SignUpProtocols.swift */ = {isa = PBXFileReference; lastKnownFileType = sourcecode.swift; path = SignUpProtocols.swift; sourceTree = "<group>"; };
		529A1C2C247BF8F800CA723B /* SignUpPresenter.swift */ = {isa = PBXFileReference; lastKnownFileType = sourcecode.swift; path = SignUpPresenter.swift; sourceTree = "<group>"; };
		529A1C2E247BF98100CA723B /* SignUpInteractor.swift */ = {isa = PBXFileReference; lastKnownFileType = sourcecode.swift; path = SignUpInteractor.swift; sourceTree = "<group>"; };
		529A1C30247C007A00CA723B /* SignUpRouter.swift */ = {isa = PBXFileReference; lastKnownFileType = sourcecode.swift; path = SignUpRouter.swift; sourceTree = "<group>"; };
		529A1C32247C03D700CA723B /* SignUpViewController.swift */ = {isa = PBXFileReference; lastKnownFileType = sourcecode.swift; path = SignUpViewController.swift; sourceTree = "<group>"; };
		529A1C35247C0A5B00CA723B /* MainProtocols.swift */ = {isa = PBXFileReference; lastKnownFileType = sourcecode.swift; path = MainProtocols.swift; sourceTree = "<group>"; };
		529A1C37247C0BFF00CA723B /* MainPresenter.swift */ = {isa = PBXFileReference; lastKnownFileType = sourcecode.swift; path = MainPresenter.swift; sourceTree = "<group>"; };
		529A1C39247C0C7600CA723B /* MainInteractor.swift */ = {isa = PBXFileReference; lastKnownFileType = sourcecode.swift; path = MainInteractor.swift; sourceTree = "<group>"; };
		529A1C3B247C0CBA00CA723B /* MainRouter.swift */ = {isa = PBXFileReference; lastKnownFileType = sourcecode.swift; path = MainRouter.swift; sourceTree = "<group>"; };
		529A1C3D247C0D4400CA723B /* MainViewController.swift */ = {isa = PBXFileReference; lastKnownFileType = sourcecode.swift; path = MainViewController.swift; sourceTree = "<group>"; };
		52C38060247BECD100D7972A /* Pain.app */ = {isa = PBXFileReference; explicitFileType = wrapper.application; includeInIndex = 0; path = Pain.app; sourceTree = BUILT_PRODUCTS_DIR; };
		52C38063247BECD100D7972A /* AppDelegate.swift */ = {isa = PBXFileReference; lastKnownFileType = sourcecode.swift; path = AppDelegate.swift; sourceTree = "<group>"; };
		52C38065247BECD100D7972A /* SceneDelegate.swift */ = {isa = PBXFileReference; lastKnownFileType = sourcecode.swift; path = SceneDelegate.swift; sourceTree = "<group>"; };
		52C3806A247BECD100D7972A /* Base */ = {isa = PBXFileReference; lastKnownFileType = file.storyboard; name = Base; path = Base.lproj/Main.storyboard; sourceTree = "<group>"; };
		52C3806D247BECD100D7972A /* Pain.xcdatamodel */ = {isa = PBXFileReference; lastKnownFileType = wrapper.xcdatamodel; path = Pain.xcdatamodel; sourceTree = "<group>"; };
		52C3806F247BECD300D7972A /* Assets.xcassets */ = {isa = PBXFileReference; lastKnownFileType = folder.assetcatalog; path = Assets.xcassets; sourceTree = "<group>"; };
		52C38072247BECD300D7972A /* Base */ = {isa = PBXFileReference; lastKnownFileType = file.storyboard; name = Base; path = Base.lproj/LaunchScreen.storyboard; sourceTree = "<group>"; };
		52C38074247BECD300D7972A /* Info.plist */ = {isa = PBXFileReference; lastKnownFileType = text.plist.xml; path = Info.plist; sourceTree = "<group>"; };
		52C38079247BECD300D7972A /* PainTests.xctest */ = {isa = PBXFileReference; explicitFileType = wrapper.cfbundle; includeInIndex = 0; path = PainTests.xctest; sourceTree = BUILT_PRODUCTS_DIR; };
		52C3807D247BECD300D7972A /* PainTests.swift */ = {isa = PBXFileReference; lastKnownFileType = sourcecode.swift; path = PainTests.swift; sourceTree = "<group>"; };
		52C3807F247BECD300D7972A /* Info.plist */ = {isa = PBXFileReference; lastKnownFileType = text.plist.xml; path = Info.plist; sourceTree = "<group>"; };
		595ECEA17E881188C6B7DFA7 /* Pods-Pain.release.xcconfig */ = {isa = PBXFileReference; includeInIndex = 1; lastKnownFileType = text.xcconfig; name = "Pods-Pain.release.xcconfig"; path = "Target Support Files/Pods-Pain/Pods-Pain.release.xcconfig"; sourceTree = "<group>"; };
		6372C80342580201E1465184 /* Pods-PainTests.release.xcconfig */ = {isa = PBXFileReference; includeInIndex = 1; lastKnownFileType = text.xcconfig; name = "Pods-PainTests.release.xcconfig"; path = "Target Support Files/Pods-PainTests/Pods-PainTests.release.xcconfig"; sourceTree = "<group>"; };
		ECE6E7BB66B84C4643C46C69 /* Pods_Pain.framework */ = {isa = PBXFileReference; explicitFileType = wrapper.framework; includeInIndex = 0; path = Pods_Pain.framework; sourceTree = BUILT_PRODUCTS_DIR; };
/* End PBXFileReference section */

/* Begin PBXFrameworksBuildPhase section */
		52C3805D247BECD100D7972A /* Frameworks */ = {
			isa = PBXFrameworksBuildPhase;
			buildActionMask = 2147483647;
			files = (
				98B9486516ABBB9305204D1C /* Pods_Pain.framework in Frameworks */,
			);
			runOnlyForDeploymentPostprocessing = 0;
		};
		52C38076247BECD300D7972A /* Frameworks */ = {
			isa = PBXFrameworksBuildPhase;
			buildActionMask = 2147483647;
			files = (
				9226F28C294B288B3CBDB6B9 /* Pods_PainTests.framework in Frameworks */,
			);
			runOnlyForDeploymentPostprocessing = 0;
		};
/* End PBXFrameworksBuildPhase section */

/* Begin PBXGroup section */
		2633B03C6713124AF7CAB577 /* Pods */ = {
			isa = PBXGroup;
			children = (
				2060E63C93C98A07C614C764 /* Pods-Pain.debug.xcconfig */,
				595ECEA17E881188C6B7DFA7 /* Pods-Pain.release.xcconfig */,
				0955EE41E94C3360440146CD /* Pods-PainTests.debug.xcconfig */,
				6372C80342580201E1465184 /* Pods-PainTests.release.xcconfig */,
			);
			path = Pods;
			sourceTree = "<group>";
		};
		529A1C28247BF51100CA723B /* SignIn */ = {
			isa = PBXGroup;
			children = (
				52C38069247BECD100D7972A /* Main.storyboard */,
				529A1C1E247BF09D00CA723B /* LoginProtocols.swift */,
				529A1C20247BF24C00CA723B /* LoginPresenter.swift */,
				529A1C22247BF2DF00CA723B /* LoginInteractor.swift */,
				529A1C24247BF31B00CA723B /* LoginRouter.swift */,
				529A1C26247BF3CC00CA723B /* LoginViewController.swift */,
			);
			path = SignIn;
			sourceTree = "<group>";
		};
		529A1C29247BF54A00CA723B /* SignUp */ = {
			isa = PBXGroup;
			children = (
				529A1C2A247BF58700CA723B /* SignUpProtocols.swift */,
				529A1C2C247BF8F800CA723B /* SignUpPresenter.swift */,
				529A1C2E247BF98100CA723B /* SignUpInteractor.swift */,
				529A1C30247C007A00CA723B /* SignUpRouter.swift */,
				529A1C32247C03D700CA723B /* SignUpViewController.swift */,
			);
			path = SignUp;
			sourceTree = "<group>";
		};
		529A1C34247C0A4400CA723B /* Main */ = {
			isa = PBXGroup;
			children = (
				529A1C35247C0A5B00CA723B /* MainProtocols.swift */,
				529A1C37247C0BFF00CA723B /* MainPresenter.swift */,
				529A1C39247C0C7600CA723B /* MainInteractor.swift */,
				529A1C3B247C0CBA00CA723B /* MainRouter.swift */,
				529A1C3D247C0D4400CA723B /* MainViewController.swift */,
			);
			path = Main;
			sourceTree = "<group>";
		};
		529A1C3F247C11D300CA723B /* Networking */ = {
			isa = PBXGroup;
			children = (
			);
			path = Networking;
			sourceTree = "<group>";
		};
		529A1C42247C257400CA723B /* Helpers */ = {
			isa = PBXGroup;
			children = (
			);
			path = Helpers;
			sourceTree = "<group>";
		};
		52C38057247BECD100D7972A = {
			isa = PBXGroup;
			children = (
				52C38062247BECD100D7972A /* Pain */,
				52C3807C247BECD300D7972A /* PainTests */,
				52C38061247BECD100D7972A /* Products */,
				2633B03C6713124AF7CAB577 /* Pods */,
				5DB487AFA4A4BDDF8AF24FDB /* Frameworks */,
			);
			sourceTree = "<group>";
		};
		52C38061247BECD100D7972A /* Products */ = {
			isa = PBXGroup;
			children = (
				52C38060247BECD100D7972A /* Pain.app */,
				52C38079247BECD300D7972A /* PainTests.xctest */,
			);
			name = Products;
			sourceTree = "<group>";
		};
		52C38062247BECD100D7972A /* Pain */ = {
			isa = PBXGroup;
			children = (
				52C38088247BECE600D7972A /* App */,
				52C38063247BECD100D7972A /* AppDelegate.swift */,
				52C38065247BECD100D7972A /* SceneDelegate.swift */,
				52C3806F247BECD300D7972A /* Assets.xcassets */,
				52C38071247BECD300D7972A /* LaunchScreen.storyboard */,
				52C38074247BECD300D7972A /* Info.plist */,
				52C3806C247BECD100D7972A /* Pain.xcdatamodeld */,
			);
			path = Pain;
			sourceTree = "<group>";
		};
		52C3807C247BECD300D7972A /* PainTests */ = {
			isa = PBXGroup;
			children = (
				52C3807D247BECD300D7972A /* PainTests.swift */,
				52C3807F247BECD300D7972A /* Info.plist */,
			);
			path = PainTests;
			sourceTree = "<group>";
		};
		52C38088247BECE600D7972A /* App */ = {
			isa = PBXGroup;
			children = (
				529A1C42247C257400CA723B /* Helpers */,
				529A1C3F247C11D300CA723B /* Networking */,
				52C38089247BECF100D7972A /* Modules */,
			);
			path = App;
			sourceTree = "<group>";
		};
		52C38089247BECF100D7972A /* Modules */ = {
			isa = PBXGroup;
			children = (
				529A1C34247C0A4400CA723B /* Main */,
				529A1C29247BF54A00CA723B /* SignUp */,
				529A1C28247BF51100CA723B /* SignIn */,
			);
			path = Modules;
			sourceTree = "<group>";
		};
		5DB487AFA4A4BDDF8AF24FDB /* Frameworks */ = {
			isa = PBXGroup;
			children = (
				ECE6E7BB66B84C4643C46C69 /* Pods_Pain.framework */,
				17D68FA72B37B1A6169404A5 /* Pods_PainTests.framework */,
			);
			name = Frameworks;
			sourceTree = "<group>";
		};
/* End PBXGroup section */

/* Begin PBXNativeTarget section */
		52C3805F247BECD100D7972A /* Pain */ = {
			isa = PBXNativeTarget;
			buildConfigurationList = 52C38082247BECD300D7972A /* Build configuration list for PBXNativeTarget "Pain" */;
			buildPhases = (
				D108E9B7F19FEB099E511A4F /* [CP] Check Pods Manifest.lock */,
				52C3805C247BECD100D7972A /* Sources */,
				52C3805D247BECD100D7972A /* Frameworks */,
				52C3805E247BECD100D7972A /* Resources */,
				F0B4BF838CEC7C85AC4E0F22 /* [CP] Embed Pods Frameworks */,
			);
			buildRules = (
			);
			dependencies = (
			);
			name = Pain;
			productName = Pain;
			productReference = 52C38060247BECD100D7972A /* Pain.app */;
			productType = "com.apple.product-type.application";
		};
		52C38078247BECD300D7972A /* PainTests */ = {
			isa = PBXNativeTarget;
			buildConfigurationList = 52C38085247BECD300D7972A /* Build configuration list for PBXNativeTarget "PainTests" */;
			buildPhases = (
				4762050BEF25F70EFCBC07CC /* [CP] Check Pods Manifest.lock */,
				52C38075247BECD300D7972A /* Sources */,
				52C38076247BECD300D7972A /* Frameworks */,
				52C38077247BECD300D7972A /* Resources */,
			);
			buildRules = (
			);
			dependencies = (
				52C3807B247BECD300D7972A /* PBXTargetDependency */,
			);
			name = PainTests;
			productName = PainTests;
			productReference = 52C38079247BECD300D7972A /* PainTests.xctest */;
			productType = "com.apple.product-type.bundle.unit-test";
		};
/* End PBXNativeTarget section */

/* Begin PBXProject section */
		52C38058247BECD100D7972A /* Project object */ = {
			isa = PBXProject;
			attributes = {
				LastSwiftUpdateCheck = 1150;
				LastUpgradeCheck = 1150;
				ORGANIZATIONNAME = "Black Beard Games";
				TargetAttributes = {
					52C3805F247BECD100D7972A = {
						CreatedOnToolsVersion = 11.5;
					};
					52C38078247BECD300D7972A = {
						CreatedOnToolsVersion = 11.5;
						TestTargetID = 52C3805F247BECD100D7972A;
					};
				};
			};
			buildConfigurationList = 52C3805B247BECD100D7972A /* Build configuration list for PBXProject "Pain" */;
			compatibilityVersion = "Xcode 9.3";
			developmentRegion = en;
			hasScannedForEncodings = 0;
			knownRegions = (
				en,
				Base,
			);
			mainGroup = 52C38057247BECD100D7972A;
			productRefGroup = 52C38061247BECD100D7972A /* Products */;
			projectDirPath = "";
			projectRoot = "";
			targets = (
				52C3805F247BECD100D7972A /* Pain */,
				52C38078247BECD300D7972A /* PainTests */,
			);
		};
/* End PBXProject section */

/* Begin PBXResourcesBuildPhase section */
		52C3805E247BECD100D7972A /* Resources */ = {
			isa = PBXResourcesBuildPhase;
			buildActionMask = 2147483647;
			files = (
				52C38073247BECD300D7972A /* LaunchScreen.storyboard in Resources */,
				52C38070247BECD300D7972A /* Assets.xcassets in Resources */,
				52C3806B247BECD100D7972A /* Main.storyboard in Resources */,
			);
			runOnlyForDeploymentPostprocessing = 0;
		};
		52C38077247BECD300D7972A /* Resources */ = {
			isa = PBXResourcesBuildPhase;
			buildActionMask = 2147483647;
			files = (
			);
			runOnlyForDeploymentPostprocessing = 0;
		};
/* End PBXResourcesBuildPhase section */

/* Begin PBXShellScriptBuildPhase section */
		4762050BEF25F70EFCBC07CC /* [CP] Check Pods Manifest.lock */ = {
			isa = PBXShellScriptBuildPhase;
			buildActionMask = 2147483647;
			files = (
			);
			inputFileListPaths = (
			);
			inputPaths = (
				"${PODS_PODFILE_DIR_PATH}/Podfile.lock",
				"${PODS_ROOT}/Manifest.lock",
			);
			name = "[CP] Check Pods Manifest.lock";
			outputFileListPaths = (
			);
			outputPaths = (
				"$(DERIVED_FILE_DIR)/Pods-PainTests-checkManifestLockResult.txt",
			);
			runOnlyForDeploymentPostprocessing = 0;
			shellPath = /bin/sh;
			shellScript = "diff \"${PODS_PODFILE_DIR_PATH}/Podfile.lock\" \"${PODS_ROOT}/Manifest.lock\" > /dev/null\nif [ $? != 0 ] ; then\n    # print error to STDERR\n    echo \"error: The sandbox is not in sync with the Podfile.lock. Run 'pod install' or update your CocoaPods installation.\" >&2\n    exit 1\nfi\n# This output is used by Xcode 'outputs' to avoid re-running this script phase.\necho \"SUCCESS\" > \"${SCRIPT_OUTPUT_FILE_0}\"\n";
			showEnvVarsInLog = 0;
		};
		D108E9B7F19FEB099E511A4F /* [CP] Check Pods Manifest.lock */ = {
			isa = PBXShellScriptBuildPhase;
			buildActionMask = 2147483647;
			files = (
			);
			inputFileListPaths = (
			);
			inputPaths = (
				"${PODS_PODFILE_DIR_PATH}/Podfile.lock",
				"${PODS_ROOT}/Manifest.lock",
			);
			name = "[CP] Check Pods Manifest.lock";
			outputFileListPaths = (
			);
			outputPaths = (
				"$(DERIVED_FILE_DIR)/Pods-Pain-checkManifestLockResult.txt",
			);
			runOnlyForDeploymentPostprocessing = 0;
			shellPath = /bin/sh;
			shellScript = "diff \"${PODS_PODFILE_DIR_PATH}/Podfile.lock\" \"${PODS_ROOT}/Manifest.lock\" > /dev/null\nif [ $? != 0 ] ; then\n    # print error to STDERR\n    echo \"error: The sandbox is not in sync with the Podfile.lock. Run 'pod install' or update your CocoaPods installation.\" >&2\n    exit 1\nfi\n# This output is used by Xcode 'outputs' to avoid re-running this script phase.\necho \"SUCCESS\" > \"${SCRIPT_OUTPUT_FILE_0}\"\n";
			showEnvVarsInLog = 0;
		};
		F0B4BF838CEC7C85AC4E0F22 /* [CP] Embed Pods Frameworks */ = {
			isa = PBXShellScriptBuildPhase;
			buildActionMask = 2147483647;
			files = (
			);
			inputFileListPaths = (
				"${PODS_ROOT}/Target Support Files/Pods-Pain/Pods-Pain-frameworks-${CONFIGURATION}-input-files.xcfilelist",
			);
			name = "[CP] Embed Pods Frameworks";
			outputFileListPaths = (
				"${PODS_ROOT}/Target Support Files/Pods-Pain/Pods-Pain-frameworks-${CONFIGURATION}-output-files.xcfilelist",
			);
			runOnlyForDeploymentPostprocessing = 0;
			shellPath = /bin/sh;
			shellScript = "\"${PODS_ROOT}/Target Support Files/Pods-Pain/Pods-Pain-frameworks.sh\"\n";
			showEnvVarsInLog = 0;
		};
/* End PBXShellScriptBuildPhase section */

/* Begin PBXSourcesBuildPhase section */
		52C3805C247BECD100D7972A /* Sources */ = {
			isa = PBXSourcesBuildPhase;
			buildActionMask = 2147483647;
			files = (
				529A1C31247C007A00CA723B /* SignUpRouter.swift in Sources */,
				52C3806E247BECD100D7972A /* Pain.xcdatamodeld in Sources */,
				529A1C36247C0A5B00CA723B /* MainProtocols.swift in Sources */,
				529A1C3C247C0CBA00CA723B /* MainRouter.swift in Sources */,
				529A1C2B247BF58700CA723B /* SignUpProtocols.swift in Sources */,
				529A1C1F247BF09D00CA723B /* LoginProtocols.swift in Sources */,
				529A1C23247BF2DF00CA723B /* LoginInteractor.swift in Sources */,
				52C38064247BECD100D7972A /* AppDelegate.swift in Sources */,
				529A1C27247BF3CC00CA723B /* LoginViewController.swift in Sources */,
				52C38066247BECD100D7972A /* SceneDelegate.swift in Sources */,
				529A1C25247BF31B00CA723B /* LoginRouter.swift in Sources */,
				529A1C38247C0BFF00CA723B /* MainPresenter.swift in Sources */,
				529A1C2F247BF98100CA723B /* SignUpInteractor.swift in Sources */,
				529A1C2D247BF8F800CA723B /* SignUpPresenter.swift in Sources */,
				529A1C33247C03D700CA723B /* SignUpViewController.swift in Sources */,
				529A1C3E247C0D4400CA723B /* MainViewController.swift in Sources */,
				529A1C21247BF24C00CA723B /* LoginPresenter.swift in Sources */,
				529A1C3A247C0C7600CA723B /* MainInteractor.swift in Sources */,
			);
			runOnlyForDeploymentPostprocessing = 0;
		};
		52C38075247BECD300D7972A /* Sources */ = {
			isa = PBXSourcesBuildPhase;
			buildActionMask = 2147483647;
			files = (
				52C3807E247BECD300D7972A /* PainTests.swift in Sources */,
			);
			runOnlyForDeploymentPostprocessing = 0;
		};
/* End PBXSourcesBuildPhase section */

/* Begin PBXTargetDependency section */
		52C3807B247BECD300D7972A /* PBXTargetDependency */ = {
			isa = PBXTargetDependency;
			target = 52C3805F247BECD100D7972A /* Pain */;
			targetProxy = 52C3807A247BECD300D7972A /* PBXContainerItemProxy */;
		};
/* End PBXTargetDependency section */

/* Begin PBXVariantGroup section */
		52C38069247BECD100D7972A /* Main.storyboard */ = {
			isa = PBXVariantGroup;
			children = (
				52C3806A247BECD100D7972A /* Base */,
			);
			name = Main.storyboard;
			sourceTree = "<group>";
		};
		52C38071247BECD300D7972A /* LaunchScreen.storyboard */ = {
			isa = PBXVariantGroup;
			children = (
				52C38072247BECD300D7972A /* Base */,
			);
			name = LaunchScreen.storyboard;
			sourceTree = "<group>";
		};
/* End PBXVariantGroup section */

/* Begin XCBuildConfiguration section */
		52C38080247BECD300D7972A /* Debug */ = {
			isa = XCBuildConfiguration;
			buildSettings = {
				ALWAYS_SEARCH_USER_PATHS = NO;
				CLANG_ANALYZER_NONNULL = YES;
				CLANG_ANALYZER_NUMBER_OBJECT_CONVERSION = YES_AGGRESSIVE;
				CLANG_CXX_LANGUAGE_STANDARD = "gnu++14";
				CLANG_CXX_LIBRARY = "libc++";
				CLANG_ENABLE_MODULES = YES;
				CLANG_ENABLE_OBJC_ARC = YES;
				CLANG_ENABLE_OBJC_WEAK = YES;
				CLANG_WARN_BLOCK_CAPTURE_AUTORELEASING = YES;
				CLANG_WARN_BOOL_CONVERSION = YES;
				CLANG_WARN_COMMA = YES;
				CLANG_WARN_CONSTANT_CONVERSION = YES;
				CLANG_WARN_DEPRECATED_OBJC_IMPLEMENTATIONS = YES;
				CLANG_WARN_DIRECT_OBJC_ISA_USAGE = YES_ERROR;
				CLANG_WARN_DOCUMENTATION_COMMENTS = YES;
				CLANG_WARN_EMPTY_BODY = YES;
				CLANG_WARN_ENUM_CONVERSION = YES;
				CLANG_WARN_INFINITE_RECURSION = YES;
				CLANG_WARN_INT_CONVERSION = YES;
				CLANG_WARN_NON_LITERAL_NULL_CONVERSION = YES;
				CLANG_WARN_OBJC_IMPLICIT_RETAIN_SELF = YES;
				CLANG_WARN_OBJC_LITERAL_CONVERSION = YES;
				CLANG_WARN_OBJC_ROOT_CLASS = YES_ERROR;
				CLANG_WARN_RANGE_LOOP_ANALYSIS = YES;
				CLANG_WARN_STRICT_PROTOTYPES = YES;
				CLANG_WARN_SUSPICIOUS_MOVE = YES;
				CLANG_WARN_UNGUARDED_AVAILABILITY = YES_AGGRESSIVE;
				CLANG_WARN_UNREACHABLE_CODE = YES;
				CLANG_WARN__DUPLICATE_METHOD_MATCH = YES;
				COPY_PHASE_STRIP = NO;
				DEBUG_INFORMATION_FORMAT = dwarf;
				ENABLE_STRICT_OBJC_MSGSEND = YES;
				ENABLE_TESTABILITY = YES;
				GCC_C_LANGUAGE_STANDARD = gnu11;
				GCC_DYNAMIC_NO_PIC = NO;
				GCC_NO_COMMON_BLOCKS = YES;
				GCC_OPTIMIZATION_LEVEL = 0;
				GCC_PREPROCESSOR_DEFINITIONS = (
					"DEBUG=1",
					"$(inherited)",
				);
				GCC_WARN_64_TO_32_BIT_CONVERSION = YES;
				GCC_WARN_ABOUT_RETURN_TYPE = YES_ERROR;
				GCC_WARN_UNDECLARED_SELECTOR = YES;
				GCC_WARN_UNINITIALIZED_AUTOS = YES_AGGRESSIVE;
				GCC_WARN_UNUSED_FUNCTION = YES;
				GCC_WARN_UNUSED_VARIABLE = YES;
				IPHONEOS_DEPLOYMENT_TARGET = 13.5;
				MTL_ENABLE_DEBUG_INFO = INCLUDE_SOURCE;
				MTL_FAST_MATH = YES;
				ONLY_ACTIVE_ARCH = YES;
				SDKROOT = iphoneos;
				SWIFT_ACTIVE_COMPILATION_CONDITIONS = DEBUG;
				SWIFT_OPTIMIZATION_LEVEL = "-Onone";
			};
			name = Debug;
		};
		52C38081247BECD300D7972A /* Release */ = {
			isa = XCBuildConfiguration;
			buildSettings = {
				ALWAYS_SEARCH_USER_PATHS = NO;
				CLANG_ANALYZER_NONNULL = YES;
				CLANG_ANALYZER_NUMBER_OBJECT_CONVERSION = YES_AGGRESSIVE;
				CLANG_CXX_LANGUAGE_STANDARD = "gnu++14";
				CLANG_CXX_LIBRARY = "libc++";
				CLANG_ENABLE_MODULES = YES;
				CLANG_ENABLE_OBJC_ARC = YES;
				CLANG_ENABLE_OBJC_WEAK = YES;
				CLANG_WARN_BLOCK_CAPTURE_AUTORELEASING = YES;
				CLANG_WARN_BOOL_CONVERSION = YES;
				CLANG_WARN_COMMA = YES;
				CLANG_WARN_CONSTANT_CONVERSION = YES;
				CLANG_WARN_DEPRECATED_OBJC_IMPLEMENTATIONS = YES;
				CLANG_WARN_DIRECT_OBJC_ISA_USAGE = YES_ERROR;
				CLANG_WARN_DOCUMENTATION_COMMENTS = YES;
				CLANG_WARN_EMPTY_BODY = YES;
				CLANG_WARN_ENUM_CONVERSION = YES;
				CLANG_WARN_INFINITE_RECURSION = YES;
				CLANG_WARN_INT_CONVERSION = YES;
				CLANG_WARN_NON_LITERAL_NULL_CONVERSION = YES;
				CLANG_WARN_OBJC_IMPLICIT_RETAIN_SELF = YES;
				CLANG_WARN_OBJC_LITERAL_CONVERSION = YES;
				CLANG_WARN_OBJC_ROOT_CLASS = YES_ERROR;
				CLANG_WARN_RANGE_LOOP_ANALYSIS = YES;
				CLANG_WARN_STRICT_PROTOTYPES = YES;
				CLANG_WARN_SUSPICIOUS_MOVE = YES;
				CLANG_WARN_UNGUARDED_AVAILABILITY = YES_AGGRESSIVE;
				CLANG_WARN_UNREACHABLE_CODE = YES;
				CLANG_WARN__DUPLICATE_METHOD_MATCH = YES;
				COPY_PHASE_STRIP = NO;
				DEBUG_INFORMATION_FORMAT = "dwarf-with-dsym";
				ENABLE_NS_ASSERTIONS = NO;
				ENABLE_STRICT_OBJC_MSGSEND = YES;
				GCC_C_LANGUAGE_STANDARD = gnu11;
				GCC_NO_COMMON_BLOCKS = YES;
				GCC_WARN_64_TO_32_BIT_CONVERSION = YES;
				GCC_WARN_ABOUT_RETURN_TYPE = YES_ERROR;
				GCC_WARN_UNDECLARED_SELECTOR = YES;
				GCC_WARN_UNINITIALIZED_AUTOS = YES_AGGRESSIVE;
				GCC_WARN_UNUSED_FUNCTION = YES;
				GCC_WARN_UNUSED_VARIABLE = YES;
				IPHONEOS_DEPLOYMENT_TARGET = 13.5;
				MTL_ENABLE_DEBUG_INFO = NO;
				MTL_FAST_MATH = YES;
				SDKROOT = iphoneos;
				SWIFT_COMPILATION_MODE = wholemodule;
				SWIFT_OPTIMIZATION_LEVEL = "-O";
				VALIDATE_PRODUCT = YES;
			};
			name = Release;
		};
		52C38083247BECD300D7972A /* Debug */ = {
			isa = XCBuildConfiguration;
			baseConfigurationReference = 2060E63C93C98A07C614C764 /* Pods-Pain.debug.xcconfig */;
			buildSettings = {
				ASSETCATALOG_COMPILER_APPICON_NAME = AppIcon;
				CODE_SIGN_STYLE = Automatic;
				DEVELOPMENT_TEAM = MDDP3J8FL2;
				INFOPLIST_FILE = Pain/Info.plist;
				LD_RUNPATH_SEARCH_PATHS = (
					"$(inherited)",
					"@executable_path/Frameworks",
				);
				PRODUCT_BUNDLE_IDENTIFIER = "leandro-ramos.Pain";
				PRODUCT_NAME = "$(TARGET_NAME)";
				SWIFT_VERSION = 5.0;
				TARGETED_DEVICE_FAMILY = "1,2";
			};
			name = Debug;
		};
		52C38084247BECD300D7972A /* Release */ = {
			isa = XCBuildConfiguration;
			baseConfigurationReference = 595ECEA17E881188C6B7DFA7 /* Pods-Pain.release.xcconfig */;
			buildSettings = {
				ASSETCATALOG_COMPILER_APPICON_NAME = AppIcon;
				CODE_SIGN_STYLE = Automatic;
				DEVELOPMENT_TEAM = MDDP3J8FL2;
				INFOPLIST_FILE = Pain/Info.plist;
				LD_RUNPATH_SEARCH_PATHS = (
					"$(inherited)",
					"@executable_path/Frameworks",
				);
				PRODUCT_BUNDLE_IDENTIFIER = "leandro-ramos.Pain";
				PRODUCT_NAME = "$(TARGET_NAME)";
				SWIFT_VERSION = 5.0;
				TARGETED_DEVICE_FAMILY = "1,2";
			};
			name = Release;
		};
		52C38086247BECD300D7972A /* Debug */ = {
			isa = XCBuildConfiguration;
			baseConfigurationReference = 0955EE41E94C3360440146CD /* Pods-PainTests.debug.xcconfig */;
			buildSettings = {
				ALWAYS_EMBED_SWIFT_STANDARD_LIBRARIES = YES;
				BUNDLE_LOADER = "$(TEST_HOST)";
				CODE_SIGN_STYLE = Automatic;
				DEVELOPMENT_TEAM = MDDP3J8FL2;
				INFOPLIST_FILE = PainTests/Info.plist;
				IPHONEOS_DEPLOYMENT_TARGET = 13.5;
				LD_RUNPATH_SEARCH_PATHS = (
					"$(inherited)",
					"@executable_path/Frameworks",
					"@loader_path/Frameworks",
				);
				PRODUCT_BUNDLE_IDENTIFIER = "leandro-ramos.PainTests";
				PRODUCT_NAME = "$(TARGET_NAME)";
				SWIFT_VERSION = 5.0;
				TARGETED_DEVICE_FAMILY = "1,2";
				TEST_HOST = "$(BUILT_PRODUCTS_DIR)/Pain.app/Pain";
			};
			name = Debug;
		};
		52C38087247BECD300D7972A /* Release */ = {
			isa = XCBuildConfiguration;
			baseConfigurationReference = 6372C80342580201E1465184 /* Pods-PainTests.release.xcconfig */;
			buildSettings = {
				ALWAYS_EMBED_SWIFT_STANDARD_LIBRARIES = YES;
				BUNDLE_LOADER = "$(TEST_HOST)";
				CODE_SIGN_STYLE = Automatic;
				DEVELOPMENT_TEAM = MDDP3J8FL2;
				INFOPLIST_FILE = PainTests/Info.plist;
				IPHONEOS_DEPLOYMENT_TARGET = 13.5;
				LD_RUNPATH_SEARCH_PATHS = (
					"$(inherited)",
					"@executable_path/Frameworks",
					"@loader_path/Frameworks",
				);
				PRODUCT_BUNDLE_IDENTIFIER = "leandro-ramos.PainTests";
				PRODUCT_NAME = "$(TARGET_NAME)";
				SWIFT_VERSION = 5.0;
				TARGETED_DEVICE_FAMILY = "1,2";
				TEST_HOST = "$(BUILT_PRODUCTS_DIR)/Pain.app/Pain";
			};
			name = Release;
		};
/* End XCBuildConfiguration section */

/* Begin XCConfigurationList section */
		52C3805B247BECD100D7972A /* Build configuration list for PBXProject "Pain" */ = {
			isa = XCConfigurationList;
			buildConfigurations = (
				52C38080247BECD300D7972A /* Debug */,
				52C38081247BECD300D7972A /* Release */,
			);
			defaultConfigurationIsVisible = 0;
			defaultConfigurationName = Release;
		};
		52C38082247BECD300D7972A /* Build configuration list for PBXNativeTarget "Pain" */ = {
			isa = XCConfigurationList;
			buildConfigurations = (
				52C38083247BECD300D7972A /* Debug */,
				52C38084247BECD300D7972A /* Release */,
			);
			defaultConfigurationIsVisible = 0;
			defaultConfigurationName = Release;
		};
		52C38085247BECD300D7972A /* Build configuration list for PBXNativeTarget "PainTests" */ = {
			isa = XCConfigurationList;
			buildConfigurations = (
				52C38086247BECD300D7972A /* Debug */,
				52C38087247BECD300D7972A /* Release */,
			);
			defaultConfigurationIsVisible = 0;
			defaultConfigurationName = Release;
		};
/* End XCConfigurationList section */

/* Begin XCVersionGroup section */
		52C3806C247BECD100D7972A /* Pain.xcdatamodeld */ = {
			isa = XCVersionGroup;
			children = (
				52C3806D247BECD100D7972A /* Pain.xcdatamodel */,
			);
			currentVersion = 52C3806D247BECD100D7972A /* Pain.xcdatamodel */;
			path = Pain.xcdatamodeld;
			sourceTree = "<group>";
			versionGroupType = wrapper.xcdatamodel;
		};
/* End XCVersionGroup section */
	};
	rootObject = 52C38058247BECD100D7972A /* Project object */;
}
