// !$*UTF8*$!
{
	archiveVersion = 1;
	classes = {
	};
	objectVersion = 51;
	objects = {

/* Begin PBXBuildFile section */
		520C301A24955EC40053C761 /* homeButton.json in Resources */ = {isa = PBXBuildFile; fileRef = 520C301924955EC40053C761 /* homeButton.json */; };
		5216E1442496A11C00FAF2A0 /* secureField.json in Resources */ = {isa = PBXBuildFile; fileRef = 5216E1432496A11C00FAF2A0 /* secureField.json */; };
		52191ECA24A905A100320F2F /* emptyProfileAnimation.json in Resources */ = {isa = PBXBuildFile; fileRef = 52191EC924A905A100320F2F /* emptyProfileAnimation.json */; };
		52191ECD24A90F5E00320F2F /* ProfileProtocols.swift in Sources */ = {isa = PBXBuildFile; fileRef = 52191ECC24A90F5E00320F2F /* ProfileProtocols.swift */; };
		52191ECF24A9123400320F2F /* ProfilePresenter.swift in Sources */ = {isa = PBXBuildFile; fileRef = 52191ECE24A9123400320F2F /* ProfilePresenter.swift */; };
		52191ED124A9130700320F2F /* ProfileInteractor.swift in Sources */ = {isa = PBXBuildFile; fileRef = 52191ED024A9130700320F2F /* ProfileInteractor.swift */; };
		52191ED324A913C000320F2F /* ProfileRouter.swift in Sources */ = {isa = PBXBuildFile; fileRef = 52191ED224A913C000320F2F /* ProfileRouter.swift */; };
		52191ED524A915B200320F2F /* ProfileViewController.swift in Sources */ = {isa = PBXBuildFile; fileRef = 52191ED424A915B200320F2F /* ProfileViewController.swift */; };
		524E27AB249C360B00CE1C26 /* SendEmailProtocols.swift in Sources */ = {isa = PBXBuildFile; fileRef = 524E27AA249C360B00CE1C26 /* SendEmailProtocols.swift */; };
		524E27B0249C3A2300CE1C26 /* sendEmail.json in Resources */ = {isa = PBXBuildFile; fileRef = 524E27AF249C3A2300CE1C26 /* sendEmail.json */; };
		524E27B2249C3AD200CE1C26 /* SendEmailPresenter.swift in Sources */ = {isa = PBXBuildFile; fileRef = 524E27B1249C3AD200CE1C26 /* SendEmailPresenter.swift */; };
		524E27B4249C3B6300CE1C26 /* SendEmailInteractor.swift in Sources */ = {isa = PBXBuildFile; fileRef = 524E27B3249C3B6300CE1C26 /* SendEmailInteractor.swift */; };
		524E27B6249C3C0100CE1C26 /* SendEmailRouter.swift in Sources */ = {isa = PBXBuildFile; fileRef = 524E27B5249C3C0100CE1C26 /* SendEmailRouter.swift */; };
		524E27B8249C3CAA00CE1C26 /* SendEmailViewController.swift in Sources */ = {isa = PBXBuildFile; fileRef = 524E27B7249C3CAA00CE1C26 /* SendEmailViewController.swift */; };
		524E390C2495A3330086AD5C /* AnimatedForgotCredencialsAlertServices.swift in Sources */ = {isa = PBXBuildFile; fileRef = 524E390B2495A3330086AD5C /* AnimatedForgotCredencialsAlertServices.swift */; };
		524E39102495B6E20086AD5C /* LoaderProtocols.swift in Sources */ = {isa = PBXBuildFile; fileRef = 524E390F2495B6E20086AD5C /* LoaderProtocols.swift */; };
		524E39122495BA520086AD5C /* LoaderPresenter.swift in Sources */ = {isa = PBXBuildFile; fileRef = 524E39112495BA520086AD5C /* LoaderPresenter.swift */; };
		524E39142495BB080086AD5C /* LoaderInteractor.swift in Sources */ = {isa = PBXBuildFile; fileRef = 524E39132495BB080086AD5C /* LoaderInteractor.swift */; };
		524E39162495BB800086AD5C /* LoaderRouter.swift in Sources */ = {isa = PBXBuildFile; fileRef = 524E39152495BB800086AD5C /* LoaderRouter.swift */; };
		524E39182495BC690086AD5C /* LoaderViewController.swift in Sources */ = {isa = PBXBuildFile; fileRef = 524E39172495BC690086AD5C /* LoaderViewController.swift */; };
		524E391A2495BF5F0086AD5C /* Loader.storyboard in Resources */ = {isa = PBXBuildFile; fileRef = 524E39192495BF5F0086AD5C /* Loader.storyboard */; };
		52500F02249FB01E00A19F6A /* CustomTextField.swift in Sources */ = {isa = PBXBuildFile; fileRef = 52500F01249FB01E00A19F6A /* CustomTextField.swift */; };
		5250B002249D7E9400B210CD /* SendEmailAlert.storyboard in Resources */ = {isa = PBXBuildFile; fileRef = 5250B001249D7E9400B210CD /* SendEmailAlert.storyboard */; };
		5250B004249D7F1C00B210CD /* SendEmailAlertService.swift in Sources */ = {isa = PBXBuildFile; fileRef = 5250B003249D7F1C00B210CD /* SendEmailAlertService.swift */; };
		52774F32247C78DC001EAB2A /* MainPage.storyboard in Resources */ = {isa = PBXBuildFile; fileRef = 52774F31247C78DC001EAB2A /* MainPage.storyboard */; };
		527767C024999E3E00ADC23B /* RecoveryPasswordProtocols.swift in Sources */ = {isa = PBXBuildFile; fileRef = 527767BF24999E3E00ADC23B /* RecoveryPasswordProtocols.swift */; };
		527767C224999FFB00ADC23B /* RecoverPasswordPresenter.swift in Sources */ = {isa = PBXBuildFile; fileRef = 527767C124999FFB00ADC23B /* RecoverPasswordPresenter.swift */; };
		527767C42499A05300ADC23B /* RecoveryPasswordInteractor.swift in Sources */ = {isa = PBXBuildFile; fileRef = 527767C32499A05300ADC23B /* RecoveryPasswordInteractor.swift */; };
		527767C62499A0DA00ADC23B /* RecoveryPasswordRouter.swift in Sources */ = {isa = PBXBuildFile; fileRef = 527767C52499A0DA00ADC23B /* RecoveryPasswordRouter.swift */; };
		527767C82499A45300ADC23B /* RecoveryPasswordViewController.swift in Sources */ = {isa = PBXBuildFile; fileRef = 527767C72499A45300ADC23B /* RecoveryPasswordViewController.swift */; };
		527767CA2499AB7D00ADC23B /* recoveryPassword.storyboard in Resources */ = {isa = PBXBuildFile; fileRef = 527767C92499AB7D00ADC23B /* recoveryPassword.storyboard */; };
		529A1C1F247BF09D00CA723B /* LoginProtocols.swift in Sources */ = {isa = PBXBuildFile; fileRef = 529A1C1E247BF09D00CA723B /* LoginProtocols.swift */; };
		529A1C21247BF24C00CA723B /* LoginPresenter.swift in Sources */ = {isa = PBXBuildFile; fileRef = 529A1C20247BF24C00CA723B /* LoginPresenter.swift */; };
		529A1C23247BF2DF00CA723B /* LoginInteractor.swift in Sources */ = {isa = PBXBuildFile; fileRef = 529A1C22247BF2DF00CA723B /* LoginInteractor.swift */; };
		529A1C25247BF31B00CA723B /* LoginRouter.swift in Sources */ = {isa = PBXBuildFile; fileRef = 529A1C24247BF31B00CA723B /* LoginRouter.swift */; };
		529A1C27247BF3CC00CA723B /* LoginViewController.swift in Sources */ = {isa = PBXBuildFile; fileRef = 529A1C26247BF3CC00CA723B /* LoginViewController.swift */; };
		529A1C2B247BF58700CA723B /* SignUpProtocols.swift in Sources */ = {isa = PBXBuildFile; fileRef = 529A1C2A247BF58700CA723B /* SignUpProtocols.swift */; };
		529A1C2D247BF8F800CA723B /* SignUpPresenter.swift in Sources */ = {isa = PBXBuildFile; fileRef = 529A1C2C247BF8F800CA723B /* SignUpPresenter.swift */; };
		529A1C2F247BF98100CA723B /* SignUpInteractor.swift in Sources */ = {isa = PBXBuildFile; fileRef = 529A1C2E247BF98100CA723B /* SignUpInteractor.swift */; };
		529A1C31247C007A00CA723B /* SignUpRouter.swift in Sources */ = {isa = PBXBuildFile; fileRef = 529A1C30247C007A00CA723B /* SignUpRouter.swift */; };
		529A1C33247C03D700CA723B /* SignUpViewController.swift in Sources */ = {isa = PBXBuildFile; fileRef = 529A1C32247C03D700CA723B /* SignUpViewController.swift */; };
		529A1C36247C0A5B00CA723B /* MainPageProtocols.swift in Sources */ = {isa = PBXBuildFile; fileRef = 529A1C35247C0A5B00CA723B /* MainPageProtocols.swift */; };
		529A1C38247C0BFF00CA723B /* MainPagePresenter.swift in Sources */ = {isa = PBXBuildFile; fileRef = 529A1C37247C0BFF00CA723B /* MainPagePresenter.swift */; };
		529A1C3A247C0C7600CA723B /* MainPageInteractor.swift in Sources */ = {isa = PBXBuildFile; fileRef = 529A1C39247C0C7600CA723B /* MainPageInteractor.swift */; };
		529A1C3C247C0CBA00CA723B /* MainPageRouter.swift in Sources */ = {isa = PBXBuildFile; fileRef = 529A1C3B247C0CBA00CA723B /* MainPageRouter.swift */; };
		529A1C3E247C0D4400CA723B /* MainPageViewController.swift in Sources */ = {isa = PBXBuildFile; fileRef = 529A1C3D247C0D4400CA723B /* MainPageViewController.swift */; };
		529A1C44247C262800CA723B /* ViewLayoutProtocol.swift in Sources */ = {isa = PBXBuildFile; fileRef = 529A1C43247C262800CA723B /* ViewLayoutProtocol.swift */; };
		529A1C46247C26D400CA723B /* SignUp.storyboard in Resources */ = {isa = PBXBuildFile; fileRef = 529A1C45247C26D400CA723B /* SignUp.storyboard */; };
		529A1C48247C2F5500CA723B /* GoogleService-Info.plist in Resources */ = {isa = PBXBuildFile; fileRef = 529A1C47247C2F5500CA723B /* GoogleService-Info.plist */; };
		529A1C4A247C301F00CA723B /* Networking.swift in Sources */ = {isa = PBXBuildFile; fileRef = 529A1C49247C301F00CA723B /* Networking.swift */; };
		52A2112A249518B400E9DADC /* forgetAnimation.json in Resources */ = {isa = PBXBuildFile; fileRef = 52A21129249518B300E9DADC /* forgetAnimation.json */; };
		52A2112C24951A2400E9DADC /* ForgotCredencialsAnimatedAlert.storyboard in Resources */ = {isa = PBXBuildFile; fileRef = 52A2112B24951A2400E9DADC /* ForgotCredencialsAnimatedAlert.storyboard */; };
		52A47954249E5A0E009BBA1E /* LoaderActivity.swift in Sources */ = {isa = PBXBuildFile; fileRef = 52A47953249E5A0E009BBA1E /* LoaderActivity.swift */; };
		52A4795B249EE95D009BBA1E /* NavigationBackground.swift in Sources */ = {isa = PBXBuildFile; fileRef = 52A4795A249EE95D009BBA1E /* NavigationBackground.swift */; };
		52A4795D249F14C5009BBA1E /* breakfastLogo.json in Resources */ = {isa = PBXBuildFile; fileRef = 52A4795C249F14C5009BBA1E /* breakfastLogo.json */; };
		52B09BDD2495021800CE695E /* AnimatedAlertProtocol.swift in Sources */ = {isa = PBXBuildFile; fileRef = 52B09BDC2495021800CE695E /* AnimatedAlertProtocol.swift */; };
		52B09BDF249504D000CE695E /* AnimateAlertPresenter.swift in Sources */ = {isa = PBXBuildFile; fileRef = 52B09BDE249504D000CE695E /* AnimateAlertPresenter.swift */; };
		52B09BE1249505DB00CE695E /* AnimatedAlertInteractor.swift in Sources */ = {isa = PBXBuildFile; fileRef = 52B09BE0249505DB00CE695E /* AnimatedAlertInteractor.swift */; };
		52B09BE32495076800CE695E /* AnimateAlerRouter.swift in Sources */ = {isa = PBXBuildFile; fileRef = 52B09BE22495076800CE695E /* AnimateAlerRouter.swift */; };
		52B09BE52495088400CE695E /* AnimatedAlertViewController.swift in Sources */ = {isa = PBXBuildFile; fileRef = 52B09BE42495088400CE695E /* AnimatedAlertViewController.swift */; };
		52B18805249FE3760048E646 /* Constants.swift in Sources */ = {isa = PBXBuildFile; fileRef = 52B18804249FE3760048E646 /* Constants.swift */; };
		52B18808249FE3DA0048E646 /* UserManager.swift in Sources */ = {isa = PBXBuildFile; fileRef = 52B18807249FE3DA0048E646 /* UserManager.swift */; };
		52C38064247BECD100D7972A /* AppDelegate.swift in Sources */ = {isa = PBXBuildFile; fileRef = 52C38063247BECD100D7972A /* AppDelegate.swift */; };
		52C38066247BECD100D7972A /* SceneDelegate.swift in Sources */ = {isa = PBXBuildFile; fileRef = 52C38065247BECD100D7972A /* SceneDelegate.swift */; };
		52C3806B247BECD100D7972A /* Main.storyboard in Resources */ = {isa = PBXBuildFile; fileRef = 52C38069247BECD100D7972A /* Main.storyboard */; };
		52C3806E247BECD100D7972A /* Pain.xcdatamodeld in Sources */ = {isa = PBXBuildFile; fileRef = 52C3806C247BECD100D7972A /* Pain.xcdatamodeld */; };
		52C38070247BECD300D7972A /* Assets.xcassets in Resources */ = {isa = PBXBuildFile; fileRef = 52C3806F247BECD300D7972A /* Assets.xcassets */; };
		52C38073247BECD300D7972A /* LaunchScreen.storyboard in Resources */ = {isa = PBXBuildFile; fileRef = 52C38071247BECD300D7972A /* LaunchScreen.storyboard */; };
		52C3807E247BECD300D7972A /* PainTests.swift in Sources */ = {isa = PBXBuildFile; fileRef = 52C3807D247BECD300D7972A /* PainTests.swift */; };
		52E941C324A8F85500E32D6E /* emptyProfileAnimation.json in Resources */ = {isa = PBXBuildFile; fileRef = 52E941C224A8F85500E32D6E /* emptyProfileAnimation.json */; };
		52EB46C024A2DCA40028B14D /* UserManagerProtocol.swift in Sources */ = {isa = PBXBuildFile; fileRef = 52EB46BF24A2DCA40028B14D /* UserManagerProtocol.swift */; };
		52EE96672491AC8B00527E22 /* Utils.swift in Sources */ = {isa = PBXBuildFile; fileRef = 52EE96662491AC8B00527E22 /* Utils.swift */; };
		52EE9677249320EF00527E22 /* loading.json in Resources */ = {isa = PBXBuildFile; fileRef = 52EE9676249320EF00527E22 /* loading.json */; };
		58FC07D11E58694BE67D72ED /* Pods_PainTests.framework in Frameworks */ = {isa = PBXBuildFile; fileRef = CA241AD40C097D2C1E2420E7 /* Pods_PainTests.framework */; };
		D9E2FD84DDD3C2A1F18DB365 /* Pods_Pain.framework in Frameworks */ = {isa = PBXBuildFile; fileRef = 0F93483BFB5986B08EDED0F5 /* Pods_Pain.framework */; };
/* End PBXBuildFile section */

/* Begin PBXContainerItemProxy section */
		52C3807A247BECD300D7972A /* PBXContainerItemProxy */ = {
			isa = PBXContainerItemProxy;
			containerPortal = 52C38058247BECD100D7972A /* Project object */;
			proxyType = 1;
			remoteGlobalIDString = 52C3805F247BECD100D7972A;
			remoteInfo = Pain;
		};
/* End PBXContainerItemProxy section */

/* Begin PBXFileReference section */
		0F93483BFB5986B08EDED0F5 /* Pods_Pain.framework */ = {isa = PBXFileReference; explicitFileType = wrapper.framework; includeInIndex = 0; path = Pods_Pain.framework; sourceTree = BUILT_PRODUCTS_DIR; };
		3179B4605C7F8863016CACB4 /* Pods-PainTests.debug.xcconfig */ = {isa = PBXFileReference; includeInIndex = 1; lastKnownFileType = text.xcconfig; name = "Pods-PainTests.debug.xcconfig"; path = "Target Support Files/Pods-PainTests/Pods-PainTests.debug.xcconfig"; sourceTree = "<group>"; };
		473C1942051FA26DFEE17DB3 /* Pods-Pain.debug.xcconfig */ = {isa = PBXFileReference; includeInIndex = 1; lastKnownFileType = text.xcconfig; name = "Pods-Pain.debug.xcconfig"; path = "Target Support Files/Pods-Pain/Pods-Pain.debug.xcconfig"; sourceTree = "<group>"; };
		520C301924955EC40053C761 /* homeButton.json */ = {isa = PBXFileReference; fileEncoding = 4; lastKnownFileType = text.json; path = homeButton.json; sourceTree = "<group>"; };
		5216E1432496A11C00FAF2A0 /* secureField.json */ = {isa = PBXFileReference; fileEncoding = 4; lastKnownFileType = text.json; path = secureField.json; sourceTree = "<group>"; };
		52191EC924A905A100320F2F /* emptyProfileAnimation.json */ = {isa = PBXFileReference; fileEncoding = 4; lastKnownFileType = text.json; path = emptyProfileAnimation.json; sourceTree = "<group>"; };
		52191ECC24A90F5E00320F2F /* ProfileProtocols.swift */ = {isa = PBXFileReference; lastKnownFileType = sourcecode.swift; path = ProfileProtocols.swift; sourceTree = "<group>"; };
		52191ECE24A9123400320F2F /* ProfilePresenter.swift */ = {isa = PBXFileReference; lastKnownFileType = sourcecode.swift; path = ProfilePresenter.swift; sourceTree = "<group>"; };
		52191ED024A9130700320F2F /* ProfileInteractor.swift */ = {isa = PBXFileReference; lastKnownFileType = sourcecode.swift; path = ProfileInteractor.swift; sourceTree = "<group>"; };
		52191ED224A913C000320F2F /* ProfileRouter.swift */ = {isa = PBXFileReference; lastKnownFileType = sourcecode.swift; path = ProfileRouter.swift; sourceTree = "<group>"; };
		52191ED424A915B200320F2F /* ProfileViewController.swift */ = {isa = PBXFileReference; lastKnownFileType = sourcecode.swift; path = ProfileViewController.swift; sourceTree = "<group>"; };
		524E27AA249C360B00CE1C26 /* SendEmailProtocols.swift */ = {isa = PBXFileReference; lastKnownFileType = sourcecode.swift; path = SendEmailProtocols.swift; sourceTree = "<group>"; };
		524E27AF249C3A2300CE1C26 /* sendEmail.json */ = {isa = PBXFileReference; fileEncoding = 4; lastKnownFileType = text.json; path = sendEmail.json; sourceTree = "<group>"; };
		524E27B1249C3AD200CE1C26 /* SendEmailPresenter.swift */ = {isa = PBXFileReference; lastKnownFileType = sourcecode.swift; path = SendEmailPresenter.swift; sourceTree = "<group>"; };
		524E27B3249C3B6300CE1C26 /* SendEmailInteractor.swift */ = {isa = PBXFileReference; lastKnownFileType = sourcecode.swift; path = SendEmailInteractor.swift; sourceTree = "<group>"; };
		524E27B5249C3C0100CE1C26 /* SendEmailRouter.swift */ = {isa = PBXFileReference; lastKnownFileType = sourcecode.swift; path = SendEmailRouter.swift; sourceTree = "<group>"; };
		524E27B7249C3CAA00CE1C26 /* SendEmailViewController.swift */ = {isa = PBXFileReference; lastKnownFileType = sourcecode.swift; path = SendEmailViewController.swift; sourceTree = "<group>"; };
		524E390B2495A3330086AD5C /* AnimatedForgotCredencialsAlertServices.swift */ = {isa = PBXFileReference; lastKnownFileType = sourcecode.swift; path = AnimatedForgotCredencialsAlertServices.swift; sourceTree = "<group>"; };
		524E390F2495B6E20086AD5C /* LoaderProtocols.swift */ = {isa = PBXFileReference; lastKnownFileType = sourcecode.swift; path = LoaderProtocols.swift; sourceTree = "<group>"; };
		524E39112495BA520086AD5C /* LoaderPresenter.swift */ = {isa = PBXFileReference; lastKnownFileType = sourcecode.swift; path = LoaderPresenter.swift; sourceTree = "<group>"; };
		524E39132495BB080086AD5C /* LoaderInteractor.swift */ = {isa = PBXFileReference; lastKnownFileType = sourcecode.swift; path = LoaderInteractor.swift; sourceTree = "<group>"; };
		524E39152495BB800086AD5C /* LoaderRouter.swift */ = {isa = PBXFileReference; lastKnownFileType = sourcecode.swift; path = LoaderRouter.swift; sourceTree = "<group>"; };
		524E39172495BC690086AD5C /* LoaderViewController.swift */ = {isa = PBXFileReference; lastKnownFileType = sourcecode.swift; path = LoaderViewController.swift; sourceTree = "<group>"; };
		524E39192495BF5F0086AD5C /* Loader.storyboard */ = {isa = PBXFileReference; lastKnownFileType = file.storyboard; path = Loader.storyboard; sourceTree = "<group>"; };
		52500F01249FB01E00A19F6A /* CustomTextField.swift */ = {isa = PBXFileReference; lastKnownFileType = sourcecode.swift; path = CustomTextField.swift; sourceTree = "<group>"; };
		5250B001249D7E9400B210CD /* SendEmailAlert.storyboard */ = {isa = PBXFileReference; lastKnownFileType = file.storyboard; path = SendEmailAlert.storyboard; sourceTree = "<group>"; };
		5250B003249D7F1C00B210CD /* SendEmailAlertService.swift */ = {isa = PBXFileReference; lastKnownFileType = sourcecode.swift; path = SendEmailAlertService.swift; sourceTree = "<group>"; };
		52774F31247C78DC001EAB2A /* MainPage.storyboard */ = {isa = PBXFileReference; lastKnownFileType = file.storyboard; path = MainPage.storyboard; sourceTree = "<group>"; };
		527767BF24999E3E00ADC23B /* RecoveryPasswordProtocols.swift */ = {isa = PBXFileReference; lastKnownFileType = sourcecode.swift; path = RecoveryPasswordProtocols.swift; sourceTree = "<group>"; };
		527767C124999FFB00ADC23B /* RecoverPasswordPresenter.swift */ = {isa = PBXFileReference; lastKnownFileType = sourcecode.swift; path = RecoverPasswordPresenter.swift; sourceTree = "<group>"; };
		527767C32499A05300ADC23B /* RecoveryPasswordInteractor.swift */ = {isa = PBXFileReference; lastKnownFileType = sourcecode.swift; path = RecoveryPasswordInteractor.swift; sourceTree = "<group>"; };
		527767C52499A0DA00ADC23B /* RecoveryPasswordRouter.swift */ = {isa = PBXFileReference; lastKnownFileType = sourcecode.swift; path = RecoveryPasswordRouter.swift; sourceTree = "<group>"; };
		527767C72499A45300ADC23B /* RecoveryPasswordViewController.swift */ = {isa = PBXFileReference; lastKnownFileType = sourcecode.swift; path = RecoveryPasswordViewController.swift; sourceTree = "<group>"; };
		527767C92499AB7D00ADC23B /* recoveryPassword.storyboard */ = {isa = PBXFileReference; lastKnownFileType = file.storyboard; path = recoveryPassword.storyboard; sourceTree = "<group>"; };
		529A1C1E247BF09D00CA723B /* LoginProtocols.swift */ = {isa = PBXFileReference; lastKnownFileType = sourcecode.swift; path = LoginProtocols.swift; sourceTree = "<group>"; };
		529A1C20247BF24C00CA723B /* LoginPresenter.swift */ = {isa = PBXFileReference; lastKnownFileType = sourcecode.swift; path = LoginPresenter.swift; sourceTree = "<group>"; };
		529A1C22247BF2DF00CA723B /* LoginInteractor.swift */ = {isa = PBXFileReference; lastKnownFileType = sourcecode.swift; path = LoginInteractor.swift; sourceTree = "<group>"; };
		529A1C24247BF31B00CA723B /* LoginRouter.swift */ = {isa = PBXFileReference; lastKnownFileType = sourcecode.swift; path = LoginRouter.swift; sourceTree = "<group>"; };
		529A1C26247BF3CC00CA723B /* LoginViewController.swift */ = {isa = PBXFileReference; lastKnownFileType = sourcecode.swift; path = LoginViewController.swift; sourceTree = "<group>"; };
		529A1C2A247BF58700CA723B /* SignUpProtocols.swift */ = {isa = PBXFileReference; lastKnownFileType = sourcecode.swift; path = SignUpProtocols.swift; sourceTree = "<group>"; };
		529A1C2C247BF8F800CA723B /* SignUpPresenter.swift */ = {isa = PBXFileReference; lastKnownFileType = sourcecode.swift; path = SignUpPresenter.swift; sourceTree = "<group>"; };
		529A1C2E247BF98100CA723B /* SignUpInteractor.swift */ = {isa = PBXFileReference; lastKnownFileType = sourcecode.swift; path = SignUpInteractor.swift; sourceTree = "<group>"; };
		529A1C30247C007A00CA723B /* SignUpRouter.swift */ = {isa = PBXFileReference; lastKnownFileType = sourcecode.swift; path = SignUpRouter.swift; sourceTree = "<group>"; };
		529A1C32247C03D700CA723B /* SignUpViewController.swift */ = {isa = PBXFileReference; lastKnownFileType = sourcecode.swift; path = SignUpViewController.swift; sourceTree = "<group>"; };
		529A1C35247C0A5B00CA723B /* MainPageProtocols.swift */ = {isa = PBXFileReference; lastKnownFileType = sourcecode.swift; path = MainPageProtocols.swift; sourceTree = "<group>"; };
		529A1C37247C0BFF00CA723B /* MainPagePresenter.swift */ = {isa = PBXFileReference; lastKnownFileType = sourcecode.swift; path = MainPagePresenter.swift; sourceTree = "<group>"; };
		529A1C39247C0C7600CA723B /* MainPageInteractor.swift */ = {isa = PBXFileReference; lastKnownFileType = sourcecode.swift; path = MainPageInteractor.swift; sourceTree = "<group>"; };
		529A1C3B247C0CBA00CA723B /* MainPageRouter.swift */ = {isa = PBXFileReference; lastKnownFileType = sourcecode.swift; path = MainPageRouter.swift; sourceTree = "<group>"; };
		529A1C3D247C0D4400CA723B /* MainPageViewController.swift */ = {isa = PBXFileReference; lastKnownFileType = sourcecode.swift; path = MainPageViewController.swift; sourceTree = "<group>"; };
		529A1C43247C262800CA723B /* ViewLayoutProtocol.swift */ = {isa = PBXFileReference; fileEncoding = 4; lastKnownFileType = sourcecode.swift; path = ViewLayoutProtocol.swift; sourceTree = "<group>"; };
		529A1C45247C26D400CA723B /* SignUp.storyboard */ = {isa = PBXFileReference; lastKnownFileType = file.storyboard; path = SignUp.storyboard; sourceTree = "<group>"; };
		529A1C47247C2F5500CA723B /* GoogleService-Info.plist */ = {isa = PBXFileReference; fileEncoding = 4; lastKnownFileType = text.plist.xml; path = "GoogleService-Info.plist"; sourceTree = "<group>"; };
		529A1C49247C301F00CA723B /* Networking.swift */ = {isa = PBXFileReference; lastKnownFileType = sourcecode.swift; path = Networking.swift; sourceTree = "<group>"; };
		52A21129249518B300E9DADC /* forgetAnimation.json */ = {isa = PBXFileReference; fileEncoding = 4; lastKnownFileType = text.json; path = forgetAnimation.json; sourceTree = "<group>"; };
		52A2112B24951A2400E9DADC /* ForgotCredencialsAnimatedAlert.storyboard */ = {isa = PBXFileReference; lastKnownFileType = file.storyboard; path = ForgotCredencialsAnimatedAlert.storyboard; sourceTree = "<group>"; };
		52A47953249E5A0E009BBA1E /* LoaderActivity.swift */ = {isa = PBXFileReference; lastKnownFileType = sourcecode.swift; path = LoaderActivity.swift; sourceTree = "<group>"; };
		52A4795A249EE95D009BBA1E /* NavigationBackground.swift */ = {isa = PBXFileReference; lastKnownFileType = sourcecode.swift; path = NavigationBackground.swift; sourceTree = "<group>"; };
		52A4795C249F14C5009BBA1E /* breakfastLogo.json */ = {isa = PBXFileReference; fileEncoding = 4; lastKnownFileType = text.json; path = breakfastLogo.json; sourceTree = "<group>"; };
		52B09BDC2495021800CE695E /* AnimatedAlertProtocol.swift */ = {isa = PBXFileReference; lastKnownFileType = sourcecode.swift; path = AnimatedAlertProtocol.swift; sourceTree = "<group>"; };
		52B09BDE249504D000CE695E /* AnimateAlertPresenter.swift */ = {isa = PBXFileReference; lastKnownFileType = sourcecode.swift; path = AnimateAlertPresenter.swift; sourceTree = "<group>"; };
		52B09BE0249505DB00CE695E /* AnimatedAlertInteractor.swift */ = {isa = PBXFileReference; lastKnownFileType = sourcecode.swift; path = AnimatedAlertInteractor.swift; sourceTree = "<group>"; };
		52B09BE22495076800CE695E /* AnimateAlerRouter.swift */ = {isa = PBXFileReference; lastKnownFileType = sourcecode.swift; path = AnimateAlerRouter.swift; sourceTree = "<group>"; };
		52B09BE42495088400CE695E /* AnimatedAlertViewController.swift */ = {isa = PBXFileReference; lastKnownFileType = sourcecode.swift; path = AnimatedAlertViewController.swift; sourceTree = "<group>"; };
		52B18804249FE3760048E646 /* Constants.swift */ = {isa = PBXFileReference; lastKnownFileType = sourcecode.swift; path = Constants.swift; sourceTree = "<group>"; };
		52B18807249FE3DA0048E646 /* UserManager.swift */ = {isa = PBXFileReference; lastKnownFileType = sourcecode.swift; path = UserManager.swift; sourceTree = "<group>"; };
		52C38060247BECD100D7972A /* Pain.app */ = {isa = PBXFileReference; explicitFileType = wrapper.application; includeInIndex = 0; path = Pain.app; sourceTree = BUILT_PRODUCTS_DIR; };
		52C38063247BECD100D7972A /* AppDelegate.swift */ = {isa = PBXFileReference; lastKnownFileType = sourcecode.swift; path = AppDelegate.swift; sourceTree = "<group>"; };
		52C38065247BECD100D7972A /* SceneDelegate.swift */ = {isa = PBXFileReference; lastKnownFileType = sourcecode.swift; path = SceneDelegate.swift; sourceTree = "<group>"; };
		52C3806A247BECD100D7972A /* Base */ = {isa = PBXFileReference; lastKnownFileType = file.storyboard; name = Base; path = Base.lproj/Main.storyboard; sourceTree = "<group>"; };
		52C3806D247BECD100D7972A /* Pain.xcdatamodel */ = {isa = PBXFileReference; lastKnownFileType = wrapper.xcdatamodel; path = Pain.xcdatamodel; sourceTree = "<group>"; };
		52C3806F247BECD300D7972A /* Assets.xcassets */ = {isa = PBXFileReference; lastKnownFileType = folder.assetcatalog; path = Assets.xcassets; sourceTree = "<group>"; };
		52C38072247BECD300D7972A /* Base */ = {isa = PBXFileReference; lastKnownFileType = file.storyboard; name = Base; path = Base.lproj/LaunchScreen.storyboard; sourceTree = "<group>"; };
		52C38074247BECD300D7972A /* Info.plist */ = {isa = PBXFileReference; lastKnownFileType = text.plist.xml; path = Info.plist; sourceTree = "<group>"; };
		52C38079247BECD300D7972A /* PainTests.xctest */ = {isa = PBXFileReference; explicitFileType = wrapper.cfbundle; includeInIndex = 0; path = PainTests.xctest; sourceTree = BUILT_PRODUCTS_DIR; };
		52C3807D247BECD300D7972A /* PainTests.swift */ = {isa = PBXFileReference; lastKnownFileType = sourcecode.swift; path = PainTests.swift; sourceTree = "<group>"; };
		52C3807F247BECD300D7972A /* Info.plist */ = {isa = PBXFileReference; lastKnownFileType = text.plist.xml; path = Info.plist; sourceTree = "<group>"; };
		52E941C224A8F85500E32D6E /* emptyProfileAnimation.json */ = {isa = PBXFileReference; fileEncoding = 4; lastKnownFileType = text.json; path = emptyProfileAnimation.json; sourceTree = "<group>"; };
		52EB46BF24A2DCA40028B14D /* UserManagerProtocol.swift */ = {isa = PBXFileReference; lastKnownFileType = sourcecode.swift; path = UserManagerProtocol.swift; sourceTree = "<group>"; };
		52EE96662491AC8B00527E22 /* Utils.swift */ = {isa = PBXFileReference; lastKnownFileType = sourcecode.swift; path = Utils.swift; sourceTree = "<group>"; };
		52EE9676249320EF00527E22 /* loading.json */ = {isa = PBXFileReference; fileEncoding = 4; lastKnownFileType = text.json; path = loading.json; sourceTree = "<group>"; };
		726ECFF331CF81F5774E0699 /* Pods-PainTests.release.xcconfig */ = {isa = PBXFileReference; includeInIndex = 1; lastKnownFileType = text.xcconfig; name = "Pods-PainTests.release.xcconfig"; path = "Target Support Files/Pods-PainTests/Pods-PainTests.release.xcconfig"; sourceTree = "<group>"; };
		735E7DEF44DEF45AE3FFA8D9 /* Pods-Pain.release.xcconfig */ = {isa = PBXFileReference; includeInIndex = 1; lastKnownFileType = text.xcconfig; name = "Pods-Pain.release.xcconfig"; path = "Target Support Files/Pods-Pain/Pods-Pain.release.xcconfig"; sourceTree = "<group>"; };
		CA241AD40C097D2C1E2420E7 /* Pods_PainTests.framework */ = {isa = PBXFileReference; explicitFileType = wrapper.framework; includeInIndex = 0; path = Pods_PainTests.framework; sourceTree = BUILT_PRODUCTS_DIR; };
/* End PBXFileReference section */

/* Begin PBXFrameworksBuildPhase section */
		52C3805D247BECD100D7972A /* Frameworks */ = {
			isa = PBXFrameworksBuildPhase;
			buildActionMask = 2147483647;
			files = (
				D9E2FD84DDD3C2A1F18DB365 /* Pods_Pain.framework in Frameworks */,
			);
			runOnlyForDeploymentPostprocessing = 0;
		};
		52C38076247BECD300D7972A /* Frameworks */ = {
			isa = PBXFrameworksBuildPhase;
			buildActionMask = 2147483647;
			files = (
				58FC07D11E58694BE67D72ED /* Pods_PainTests.framework in Frameworks */,
			);
			runOnlyForDeploymentPostprocessing = 0;
		};
/* End PBXFrameworksBuildPhase section */

/* Begin PBXGroup section */
		2633B03C6713124AF7CAB577 /* Pods */ = {
			isa = PBXGroup;
			children = (
				473C1942051FA26DFEE17DB3 /* Pods-Pain.debug.xcconfig */,
				735E7DEF44DEF45AE3FFA8D9 /* Pods-Pain.release.xcconfig */,
				3179B4605C7F8863016CACB4 /* Pods-PainTests.debug.xcconfig */,
				726ECFF331CF81F5774E0699 /* Pods-PainTests.release.xcconfig */,
			);
			path = Pods;
			sourceTree = "<group>";
		};
		52191ECB24A90F1A00320F2F /* Profile */ = {
			isa = PBXGroup;
			children = (
				52191ECC24A90F5E00320F2F /* ProfileProtocols.swift */,
				52191ECE24A9123400320F2F /* ProfilePresenter.swift */,
				52191ED024A9130700320F2F /* ProfileInteractor.swift */,
				52191ED224A913C000320F2F /* ProfileRouter.swift */,
				52191ED424A915B200320F2F /* ProfileViewController.swift */,
			);
			path = Profile;
			sourceTree = "<group>";
		};
		524E27A9249C35C100CE1C26 /* SendEmailAlert */ = {
			isa = PBXGroup;
			children = (
				5250B000249D78DC00B210CD /* SendEmailAlertService */,
				524E27AA249C360B00CE1C26 /* SendEmailProtocols.swift */,
				524E27B1249C3AD200CE1C26 /* SendEmailPresenter.swift */,
				524E27B3249C3B6300CE1C26 /* SendEmailInteractor.swift */,
				524E27B5249C3C0100CE1C26 /* SendEmailRouter.swift */,
				524E27B7249C3CAA00CE1C26 /* SendEmailViewController.swift */,
				5250B001249D7E9400B210CD /* SendEmailAlert.storyboard */,
			);
			path = SendEmailAlert;
			sourceTree = "<group>";
		};
		524E39092495A1E90086AD5C /* Alert */ = {
			isa = PBXGroup;
			children = (
				524E27A9249C35C100CE1C26 /* SendEmailAlert */,
				52B09BDB2495017D00CE695E /* ForgotAlertAnimated */,
			);
			path = Alert;
			sourceTree = "<group>";
		};
		524E390A2495A2860086AD5C /* AlertService */ = {
			isa = PBXGroup;
			children = (
				524E390B2495A3330086AD5C /* AnimatedForgotCredencialsAlertServices.swift */,
			);
			path = AlertService;
			sourceTree = "<group>";
		};
		524E390E2495B6790086AD5C /* Loader */ = {
			isa = PBXGroup;
			children = (
				524E390F2495B6E20086AD5C /* LoaderProtocols.swift */,
				524E39112495BA520086AD5C /* LoaderPresenter.swift */,
				524E39132495BB080086AD5C /* LoaderInteractor.swift */,
				524E39152495BB800086AD5C /* LoaderRouter.swift */,
				524E39172495BC690086AD5C /* LoaderViewController.swift */,
				524E39192495BF5F0086AD5C /* Loader.storyboard */,
				52A47953249E5A0E009BBA1E /* LoaderActivity.swift */,
			);
			path = Loader;
			sourceTree = "<group>";
		};
		52500F03249FB16600A19F6A /* TextField */ = {
			isa = PBXGroup;
			children = (
				52500F01249FB01E00A19F6A /* CustomTextField.swift */,
			);
			path = TextField;
			sourceTree = "<group>";
		};
		5250B000249D78DC00B210CD /* SendEmailAlertService */ = {
			isa = PBXGroup;
			children = (
				5250B003249D7F1C00B210CD /* SendEmailAlertService.swift */,
			);
			path = SendEmailAlertService;
			sourceTree = "<group>";
		};
		527767BE24999E1F00ADC23B /* RecoveryPassword */ = {
			isa = PBXGroup;
			children = (
				527767BF24999E3E00ADC23B /* RecoveryPasswordProtocols.swift */,
				527767C124999FFB00ADC23B /* RecoverPasswordPresenter.swift */,
				527767C32499A05300ADC23B /* RecoveryPasswordInteractor.swift */,
				527767C52499A0DA00ADC23B /* RecoveryPasswordRouter.swift */,
				527767C72499A45300ADC23B /* RecoveryPasswordViewController.swift */,
				527767C92499AB7D00ADC23B /* recoveryPassword.storyboard */,
			);
			path = RecoveryPassword;
			sourceTree = "<group>";
		};
		529A1C28247BF51100CA723B /* Login */ = {
			isa = PBXGroup;
			children = (
				52C38069247BECD100D7972A /* Main.storyboard */,
				529A1C1E247BF09D00CA723B /* LoginProtocols.swift */,
				529A1C20247BF24C00CA723B /* LoginPresenter.swift */,
				529A1C22247BF2DF00CA723B /* LoginInteractor.swift */,
				529A1C24247BF31B00CA723B /* LoginRouter.swift */,
				529A1C26247BF3CC00CA723B /* LoginViewController.swift */,
			);
			path = Login;
			sourceTree = "<group>";
		};
		529A1C29247BF54A00CA723B /* SignUp */ = {
			isa = PBXGroup;
			children = (
				529A1C2A247BF58700CA723B /* SignUpProtocols.swift */,
				529A1C2C247BF8F800CA723B /* SignUpPresenter.swift */,
				529A1C2E247BF98100CA723B /* SignUpInteractor.swift */,
				529A1C30247C007A00CA723B /* SignUpRouter.swift */,
				529A1C32247C03D700CA723B /* SignUpViewController.swift */,
				529A1C45247C26D400CA723B /* SignUp.storyboard */,
			);
			path = SignUp;
			sourceTree = "<group>";
		};
		529A1C34247C0A4400CA723B /* Main */ = {
			isa = PBXGroup;
			children = (
				529A1C35247C0A5B00CA723B /* MainPageProtocols.swift */,
				529A1C37247C0BFF00CA723B /* MainPagePresenter.swift */,
				529A1C39247C0C7600CA723B /* MainPageInteractor.swift */,
				529A1C3B247C0CBA00CA723B /* MainPageRouter.swift */,
				529A1C3D247C0D4400CA723B /* MainPageViewController.swift */,
				52774F31247C78DC001EAB2A /* MainPage.storyboard */,
			);
			path = Main;
			sourceTree = "<group>";
		};
		529A1C3F247C11D300CA723B /* Networking */ = {
			isa = PBXGroup;
			children = (
				529A1C49247C301F00CA723B /* Networking.swift */,
			);
			path = Networking;
			sourceTree = "<group>";
		};
		529A1C42247C257400CA723B /* Helpers */ = {
			isa = PBXGroup;
			children = (
				529A1C43247C262800CA723B /* ViewLayoutProtocol.swift */,
				52EE96662491AC8B00527E22 /* Utils.swift */,
			);
			path = Helpers;
			sourceTree = "<group>";
		};
		52A47959249EE93F009BBA1E /* NavigationBarAppearance */ = {
			isa = PBXGroup;
			children = (
				52A4795A249EE95D009BBA1E /* NavigationBackground.swift */,
			);
			path = NavigationBarAppearance;
			sourceTree = "<group>";
		};
		52B09BDA2495016100CE695E /* Custom */ = {
			isa = PBXGroup;
			children = (
				52500F03249FB16600A19F6A /* TextField */,
				52A47959249EE93F009BBA1E /* NavigationBarAppearance */,
				524E390E2495B6790086AD5C /* Loader */,
				524E39092495A1E90086AD5C /* Alert */,
			);
			path = Custom;
			sourceTree = "<group>";
		};
		52B09BDB2495017D00CE695E /* ForgotAlertAnimated */ = {
			isa = PBXGroup;
			children = (
				524E390A2495A2860086AD5C /* AlertService */,
				52B09BDC2495021800CE695E /* AnimatedAlertProtocol.swift */,
				52B09BDE249504D000CE695E /* AnimateAlertPresenter.swift */,
				52B09BE0249505DB00CE695E /* AnimatedAlertInteractor.swift */,
				52B09BE22495076800CE695E /* AnimateAlerRouter.swift */,
				52B09BE42495088400CE695E /* AnimatedAlertViewController.swift */,
				52A2112B24951A2400E9DADC /* ForgotCredencialsAnimatedAlert.storyboard */,
			);
			path = ForgotAlertAnimated;
			sourceTree = "<group>";
		};
		52B18803249FE34D0048E646 /* Constants */ = {
			isa = PBXGroup;
			children = (
				52B18804249FE3760048E646 /* Constants.swift */,
			);
			path = Constants;
			sourceTree = "<group>";
		};
		52B18806249FE3C50048E646 /* User */ = {
			isa = PBXGroup;
			children = (
				52B18807249FE3DA0048E646 /* UserManager.swift */,
				52EB46BF24A2DCA40028B14D /* UserManagerProtocol.swift */,
			);
			path = User;
			sourceTree = "<group>";
		};
		52B29C3924A7F8A700EE6779 /* Commons */ = {
			isa = PBXGroup;
			children = (
				52C38063247BECD100D7972A /* AppDelegate.swift */,
				52C38065247BECD100D7972A /* SceneDelegate.swift */,
			);
			path = Commons;
			sourceTree = "<group>";
		};
		52B29C3A24A7F8D800EE6779 /* Storyboard */ = {
			isa = PBXGroup;
			children = (
				52C38071247BECD300D7972A /* LaunchScreen.storyboard */,
			);
			path = Storyboard;
			sourceTree = "<group>";
		};
		52C38057247BECD100D7972A = {
			isa = PBXGroup;
			children = (
				52C38062247BECD100D7972A /* Pain */,
				52C3807C247BECD300D7972A /* PainTests */,
				52C38061247BECD100D7972A /* Products */,
				2633B03C6713124AF7CAB577 /* Pods */,
				6AB845CBDD24261C54E35804 /* Frameworks */,
			);
			sourceTree = "<group>";
		};
		52C38061247BECD100D7972A /* Products */ = {
			isa = PBXGroup;
			children = (
				52C38060247BECD100D7972A /* Pain.app */,
				52C38079247BECD300D7972A /* PainTests.xctest */,
			);
			name = Products;
			sourceTree = "<group>";
		};
		52C38062247BECD100D7972A /* Pain */ = {
			isa = PBXGroup;
			children = (
				52C38088247BECE600D7972A /* App */,
				52C3806F247BECD300D7972A /* Assets.xcassets */,
				529A1C47247C2F5500CA723B /* GoogleService-Info.plist */,
				52C38074247BECD300D7972A /* Info.plist */,
				52C3806C247BECD100D7972A /* Pain.xcdatamodeld */,
			);
			path = Pain;
			sourceTree = "<group>";
		};
		52C3807C247BECD300D7972A /* PainTests */ = {
			isa = PBXGroup;
			children = (
				52C3807D247BECD300D7972A /* PainTests.swift */,
				52C3807F247BECD300D7972A /* Info.plist */,
			);
			path = PainTests;
			sourceTree = "<group>";
		};
		52C38088247BECE600D7972A /* App */ = {
			isa = PBXGroup;
			children = (
				52B29C3A24A7F8D800EE6779 /* Storyboard */,
				52B29C3924A7F8A700EE6779 /* Commons */,
				52B18806249FE3C50048E646 /* User */,
				52B18803249FE34D0048E646 /* Constants */,
				52B09BDA2495016100CE695E /* Custom */,
				52EE9675249320D500527E22 /* Json */,
				529A1C42247C257400CA723B /* Helpers */,
				529A1C3F247C11D300CA723B /* Networking */,
				52C38089247BECF100D7972A /* Modules */,
			);
			path = App;
			sourceTree = "<group>";
		};
		52C38089247BECF100D7972A /* Modules */ = {
			isa = PBXGroup;
			children = (
				52191ECB24A90F1A00320F2F /* Profile */,
				527767BE24999E1F00ADC23B /* RecoveryPassword */,
				529A1C34247C0A4400CA723B /* Main */,
				529A1C29247BF54A00CA723B /* SignUp */,
				529A1C28247BF51100CA723B /* Login */,
			);
			path = Modules;
			sourceTree = "<group>";
		};
		52EE9675249320D500527E22 /* Json */ = {
			isa = PBXGroup;
			children = (
				52E941C224A8F85500E32D6E /* emptyProfileAnimation.json */,
				52191EC924A905A100320F2F /* emptyProfileAnimation.json */,
				52A4795C249F14C5009BBA1E /* breakfastLogo.json */,
				524E27AF249C3A2300CE1C26 /* sendEmail.json */,
				5216E1432496A11C00FAF2A0 /* secureField.json */,
				520C301924955EC40053C761 /* homeButton.json */,
				52EE9676249320EF00527E22 /* loading.json */,
				52A21129249518B300E9DADC /* forgetAnimation.json */,
			);
			path = Json;
			sourceTree = "<group>";
		};
		6AB845CBDD24261C54E35804 /* Frameworks */ = {
			isa = PBXGroup;
			children = (
				0F93483BFB5986B08EDED0F5 /* Pods_Pain.framework */,
				CA241AD40C097D2C1E2420E7 /* Pods_PainTests.framework */,
			);
			name = Frameworks;
			sourceTree = "<group>";
		};
/* End PBXGroup section */

/* Begin PBXNativeTarget section */
		52C3805F247BECD100D7972A /* Pain */ = {
			isa = PBXNativeTarget;
			buildConfigurationList = 52C38082247BECD300D7972A /* Build configuration list for PBXNativeTarget "Pain" */;
			buildPhases = (
				B2F5DBFD9A454A4716C32A98 /* [CP] Check Pods Manifest.lock */,
				52C3805C247BECD100D7972A /* Sources */,
				52C3805D247BECD100D7972A /* Frameworks */,
				52C3805E247BECD100D7972A /* Resources */,
				D91B58CD6CDC26B3BB1A5063 /* [CP] Embed Pods Frameworks */,
			);
			buildRules = (
			);
			dependencies = (
			);
			name = Pain;
			productName = Pain;
			productReference = 52C38060247BECD100D7972A /* Pain.app */;
			productType = "com.apple.product-type.application";
		};
		52C38078247BECD300D7972A /* PainTests */ = {
			isa = PBXNativeTarget;
			buildConfigurationList = 52C38085247BECD300D7972A /* Build configuration list for PBXNativeTarget "PainTests" */;
			buildPhases = (
				C62C6E0133623ACAA447EC7B /* [CP] Check Pods Manifest.lock */,
				52C38075247BECD300D7972A /* Sources */,
				52C38076247BECD300D7972A /* Frameworks */,
				52C38077247BECD300D7972A /* Resources */,
			);
			buildRules = (
			);
			dependencies = (
				52C3807B247BECD300D7972A /* PBXTargetDependency */,
			);
			name = PainTests;
			productName = PainTests;
			productReference = 52C38079247BECD300D7972A /* PainTests.xctest */;
			productType = "com.apple.product-type.bundle.unit-test";
		};
/* End PBXNativeTarget section */

/* Begin PBXProject section */
		52C38058247BECD100D7972A /* Project object */ = {
			isa = PBXProject;
			attributes = {
				LastSwiftUpdateCheck = 1150;
				LastUpgradeCheck = 1150;
				ORGANIZATIONNAME = "Black Beard Games";
				TargetAttributes = {
					52C3805F247BECD100D7972A = {
						CreatedOnToolsVersion = 11.5;
					};
					52C38078247BECD300D7972A = {
						CreatedOnToolsVersion = 11.5;
						TestTargetID = 52C3805F247BECD100D7972A;
					};
				};
			};
			buildConfigurationList = 52C3805B247BECD100D7972A /* Build configuration list for PBXProject "Pain" */;
			compatibilityVersion = "Xcode 9.3";
			developmentRegion = en;
			hasScannedForEncodings = 0;
			knownRegions = (
				en,
				Base,
			);
			mainGroup = 52C38057247BECD100D7972A;
			productRefGroup = 52C38061247BECD100D7972A /* Products */;
			projectDirPath = "";
			projectRoot = "";
			targets = (
				52C3805F247BECD100D7972A /* Pain */,
				52C38078247BECD300D7972A /* PainTests */,
			);
		};
/* End PBXProject section */

/* Begin PBXResourcesBuildPhase section */
		52C3805E247BECD100D7972A /* Resources */ = {
			isa = PBXResourcesBuildPhase;
			buildActionMask = 2147483647;
			files = (
				52E941C324A8F85500E32D6E /* emptyProfileAnimation.json in Resources */,
				52774F32247C78DC001EAB2A /* MainPage.storyboard in Resources */,
				52A2112C24951A2400E9DADC /* ForgotCredencialsAnimatedAlert.storyboard in Resources */,
				52C38073247BECD300D7972A /* LaunchScreen.storyboard in Resources */,
				52C38070247BECD300D7972A /* Assets.xcassets in Resources */,
				52A2112A249518B400E9DADC /* forgetAnimation.json in Resources */,
				524E391A2495BF5F0086AD5C /* Loader.storyboard in Resources */,
				527767CA2499AB7D00ADC23B /* recoveryPassword.storyboard in Resources */,
				529A1C48247C2F5500CA723B /* GoogleService-Info.plist in Resources */,
				524E27B0249C3A2300CE1C26 /* sendEmail.json in Resources */,
				52191ECA24A905A100320F2F /* emptyProfileAnimation.json in Resources */,
				520C301A24955EC40053C761 /* homeButton.json in Resources */,
				5250B002249D7E9400B210CD /* SendEmailAlert.storyboard in Resources */,
				52EE9677249320EF00527E22 /* loading.json in Resources */,
				529A1C46247C26D400CA723B /* SignUp.storyboard in Resources */,
				52C3806B247BECD100D7972A /* Main.storyboard in Resources */,
				52A4795D249F14C5009BBA1E /* breakfastLogo.json in Resources */,
				5216E1442496A11C00FAF2A0 /* secureField.json in Resources */,
			);
			runOnlyForDeploymentPostprocessing = 0;
		};
		52C38077247BECD300D7972A /* Resources */ = {
			isa = PBXResourcesBuildPhase;
			buildActionMask = 2147483647;
			files = (
			);
			runOnlyForDeploymentPostprocessing = 0;
		};
/* End PBXResourcesBuildPhase section */

/* Begin PBXShellScriptBuildPhase section */
		B2F5DBFD9A454A4716C32A98 /* [CP] Check Pods Manifest.lock */ = {
			isa = PBXShellScriptBuildPhase;
			buildActionMask = 2147483647;
			files = (
			);
			inputFileListPaths = (
			);
			inputPaths = (
				"${PODS_PODFILE_DIR_PATH}/Podfile.lock",
				"${PODS_ROOT}/Manifest.lock",
			);
			name = "[CP] Check Pods Manifest.lock";
			outputFileListPaths = (
			);
			outputPaths = (
				"$(DERIVED_FILE_DIR)/Pods-Pain-checkManifestLockResult.txt",
			);
			runOnlyForDeploymentPostprocessing = 0;
			shellPath = /bin/sh;
			shellScript = "diff \"${PODS_PODFILE_DIR_PATH}/Podfile.lock\" \"${PODS_ROOT}/Manifest.lock\" > /dev/null\nif [ $? != 0 ] ; then\n    # print error to STDERR\n    echo \"error: The sandbox is not in sync with the Podfile.lock. Run 'pod install' or update your CocoaPods installation.\" >&2\n    exit 1\nfi\n# This output is used by Xcode 'outputs' to avoid re-running this script phase.\necho \"SUCCESS\" > \"${SCRIPT_OUTPUT_FILE_0}\"\n";
			showEnvVarsInLog = 0;
		};
		C62C6E0133623ACAA447EC7B /* [CP] Check Pods Manifest.lock */ = {
			isa = PBXShellScriptBuildPhase;
			buildActionMask = 2147483647;
			files = (
			);
			inputFileListPaths = (
			);
			inputPaths = (
				"${PODS_PODFILE_DIR_PATH}/Podfile.lock",
				"${PODS_ROOT}/Manifest.lock",
			);
			name = "[CP] Check Pods Manifest.lock";
			outputFileListPaths = (
			);
			outputPaths = (
				"$(DERIVED_FILE_DIR)/Pods-PainTests-checkManifestLockResult.txt",
			);
			runOnlyForDeploymentPostprocessing = 0;
			shellPath = /bin/sh;
			shellScript = "diff \"${PODS_PODFILE_DIR_PATH}/Podfile.lock\" \"${PODS_ROOT}/Manifest.lock\" > /dev/null\nif [ $? != 0 ] ; then\n    # print error to STDERR\n    echo \"error: The sandbox is not in sync with the Podfile.lock. Run 'pod install' or update your CocoaPods installation.\" >&2\n    exit 1\nfi\n# This output is used by Xcode 'outputs' to avoid re-running this script phase.\necho \"SUCCESS\" > \"${SCRIPT_OUTPUT_FILE_0}\"\n";
			showEnvVarsInLog = 0;
		};
		D91B58CD6CDC26B3BB1A5063 /* [CP] Embed Pods Frameworks */ = {
			isa = PBXShellScriptBuildPhase;
			buildActionMask = 2147483647;
			files = (
			);
			inputFileListPaths = (
				"${PODS_ROOT}/Target Support Files/Pods-Pain/Pods-Pain-frameworks-${CONFIGURATION}-input-files.xcfilelist",
			);
			name = "[CP] Embed Pods Frameworks";
			outputFileListPaths = (
				"${PODS_ROOT}/Target Support Files/Pods-Pain/Pods-Pain-frameworks-${CONFIGURATION}-output-files.xcfilelist",
			);
			runOnlyForDeploymentPostprocessing = 0;
			shellPath = /bin/sh;
			shellScript = "\"${PODS_ROOT}/Target Support Files/Pods-Pain/Pods-Pain-frameworks.sh\"\n";
			showEnvVarsInLog = 0;
		};
/* End PBXShellScriptBuildPhase section */

/* Begin PBXSourcesBuildPhase section */
		52C3805C247BECD100D7972A /* Sources */ = {
			isa = PBXSourcesBuildPhase;
			buildActionMask = 2147483647;
			files = (
				52B09BDF249504D000CE695E /* AnimateAlertPresenter.swift in Sources */,
				529A1C31247C007A00CA723B /* SignUpRouter.swift in Sources */,
				52C3806E247BECD100D7972A /* Pain.xcdatamodeld in Sources */,
				527767C024999E3E00ADC23B /* RecoveryPasswordProtocols.swift in Sources */,
				529A1C36247C0A5B00CA723B /* MainPageProtocols.swift in Sources */,
				52B09BDD2495021800CE695E /* AnimatedAlertProtocol.swift in Sources */,
				52191ED524A915B200320F2F /* ProfileViewController.swift in Sources */,
				52B18808249FE3DA0048E646 /* UserManager.swift in Sources */,
				529A1C3C247C0CBA00CA723B /* MainPageRouter.swift in Sources */,
				524E27B6249C3C0100CE1C26 /* SendEmailRouter.swift in Sources */,
				529A1C2B247BF58700CA723B /* SignUpProtocols.swift in Sources */,
				52191ED124A9130700320F2F /* ProfileInteractor.swift in Sources */,
				529A1C4A247C301F00CA723B /* Networking.swift in Sources */,
				529A1C1F247BF09D00CA723B /* LoginProtocols.swift in Sources */,
				52A47954249E5A0E009BBA1E /* LoaderActivity.swift in Sources */,
				527767C62499A0DA00ADC23B /* RecoveryPasswordRouter.swift in Sources */,
				529A1C23247BF2DF00CA723B /* LoginInteractor.swift in Sources */,
				52C38064247BECD100D7972A /* AppDelegate.swift in Sources */,
				524E39182495BC690086AD5C /* LoaderViewController.swift in Sources */,
				524E27AB249C360B00CE1C26 /* SendEmailProtocols.swift in Sources */,
				529A1C27247BF3CC00CA723B /* LoginViewController.swift in Sources */,
				52C38066247BECD100D7972A /* SceneDelegate.swift in Sources */,
				524E27B4249C3B6300CE1C26 /* SendEmailInteractor.swift in Sources */,
				529A1C25247BF31B00CA723B /* LoginRouter.swift in Sources */,
				527767C42499A05300ADC23B /* RecoveryPasswordInteractor.swift in Sources */,
				524E39122495BA520086AD5C /* LoaderPresenter.swift in Sources */,
				524E390C2495A3330086AD5C /* AnimatedForgotCredencialsAlertServices.swift in Sources */,
				52B18805249FE3760048E646 /* Constants.swift in Sources */,
				52B09BE1249505DB00CE695E /* AnimatedAlertInteractor.swift in Sources */,
				52500F02249FB01E00A19F6A /* CustomTextField.swift in Sources */,
				524E39102495B6E20086AD5C /* LoaderProtocols.swift in Sources */,
				52191ECD24A90F5E00320F2F /* ProfileProtocols.swift in Sources */,
				52191ED324A913C000320F2F /* ProfileRouter.swift in Sources */,
				529A1C38247C0BFF00CA723B /* MainPagePresenter.swift in Sources */,
				52EB46C024A2DCA40028B14D /* UserManagerProtocol.swift in Sources */,
				524E39142495BB080086AD5C /* LoaderInteractor.swift in Sources */,
				524E39162495BB800086AD5C /* LoaderRouter.swift in Sources */,
				527767C82499A45300ADC23B /* RecoveryPasswordViewController.swift in Sources */,
				529A1C2F247BF98100CA723B /* SignUpInteractor.swift in Sources */,
				529A1C2D247BF8F800CA723B /* SignUpPresenter.swift in Sources */,
				52B09BE52495088400CE695E /* AnimatedAlertViewController.swift in Sources */,
				527767C224999FFB00ADC23B /* RecoverPasswordPresenter.swift in Sources */,
				5250B004249D7F1C00B210CD /* SendEmailAlertService.swift in Sources */,
				52A4795B249EE95D009BBA1E /* NavigationBackground.swift in Sources */,
				524E27B8249C3CAA00CE1C26 /* SendEmailViewController.swift in Sources */,
				529A1C33247C03D700CA723B /* SignUpViewController.swift in Sources */,
				524E27B2249C3AD200CE1C26 /* SendEmailPresenter.swift in Sources */,
				52191ECF24A9123400320F2F /* ProfilePresenter.swift in Sources */,
				529A1C3E247C0D4400CA723B /* MainPageViewController.swift in Sources */,
				52EE96672491AC8B00527E22 /* Utils.swift in Sources */,
				52B09BE32495076800CE695E /* AnimateAlerRouter.swift in Sources */,
				529A1C44247C262800CA723B /* ViewLayoutProtocol.swift in Sources */,
				529A1C21247BF24C00CA723B /* LoginPresenter.swift in Sources */,
				529A1C3A247C0C7600CA723B /* MainPageInteractor.swift in Sources */,
			);
			runOnlyForDeploymentPostprocessing = 0;
		};
		52C38075247BECD300D7972A /* Sources */ = {
			isa = PBXSourcesBuildPhase;
			buildActionMask = 2147483647;
			files = (
				52C3807E247BECD300D7972A /* PainTests.swift in Sources */,
			);
			runOnlyForDeploymentPostprocessing = 0;
		};
/* End PBXSourcesBuildPhase section */

/* Begin PBXTargetDependency section */
		52C3807B247BECD300D7972A /* PBXTargetDependency */ = {
			isa = PBXTargetDependency;
			target = 52C3805F247BECD100D7972A /* Pain */;
			targetProxy = 52C3807A247BECD300D7972A /* PBXContainerItemProxy */;
		};
/* End PBXTargetDependency section */

/* Begin PBXVariantGroup section */
		52C38069247BECD100D7972A /* Main.storyboard */ = {
			isa = PBXVariantGroup;
			children = (
				52C3806A247BECD100D7972A /* Base */,
			);
			name = Main.storyboard;
			sourceTree = "<group>";
		};
		52C38071247BECD300D7972A /* LaunchScreen.storyboard */ = {
			isa = PBXVariantGroup;
			children = (
				52C38072247BECD300D7972A /* Base */,
			);
			name = LaunchScreen.storyboard;
			sourceTree = "<group>";
		};
/* End PBXVariantGroup section */

/* Begin XCBuildConfiguration section */
		52C38080247BECD300D7972A /* Debug */ = {
			isa = XCBuildConfiguration;
			buildSettings = {
				ALWAYS_SEARCH_USER_PATHS = NO;
				CLANG_ANALYZER_NONNULL = YES;
				CLANG_ANALYZER_NUMBER_OBJECT_CONVERSION = YES_AGGRESSIVE;
				CLANG_CXX_LANGUAGE_STANDARD = "gnu++14";
				CLANG_CXX_LIBRARY = "libc++";
				CLANG_ENABLE_MODULES = YES;
				CLANG_ENABLE_OBJC_ARC = YES;
				CLANG_ENABLE_OBJC_WEAK = YES;
				CLANG_WARN_BLOCK_CAPTURE_AUTORELEASING = YES;
				CLANG_WARN_BOOL_CONVERSION = YES;
				CLANG_WARN_COMMA = YES;
				CLANG_WARN_CONSTANT_CONVERSION = YES;
				CLANG_WARN_DEPRECATED_OBJC_IMPLEMENTATIONS = YES;
				CLANG_WARN_DIRECT_OBJC_ISA_USAGE = YES_ERROR;
				CLANG_WARN_DOCUMENTATION_COMMENTS = YES;
				CLANG_WARN_EMPTY_BODY = YES;
				CLANG_WARN_ENUM_CONVERSION = YES;
				CLANG_WARN_INFINITE_RECURSION = YES;
				CLANG_WARN_INT_CONVERSION = YES;
				CLANG_WARN_NON_LITERAL_NULL_CONVERSION = YES;
				CLANG_WARN_OBJC_IMPLICIT_RETAIN_SELF = YES;
				CLANG_WARN_OBJC_LITERAL_CONVERSION = YES;
				CLANG_WARN_OBJC_ROOT_CLASS = YES_ERROR;
				CLANG_WARN_RANGE_LOOP_ANALYSIS = YES;
				CLANG_WARN_STRICT_PROTOTYPES = YES;
				CLANG_WARN_SUSPICIOUS_MOVE = YES;
				CLANG_WARN_UNGUARDED_AVAILABILITY = YES_AGGRESSIVE;
				CLANG_WARN_UNREACHABLE_CODE = YES;
				CLANG_WARN__DUPLICATE_METHOD_MATCH = YES;
				COPY_PHASE_STRIP = NO;
				DEBUG_INFORMATION_FORMAT = dwarf;
				ENABLE_STRICT_OBJC_MSGSEND = YES;
				ENABLE_TESTABILITY = YES;
				GCC_C_LANGUAGE_STANDARD = gnu11;
				GCC_DYNAMIC_NO_PIC = NO;
				GCC_NO_COMMON_BLOCKS = YES;
				GCC_OPTIMIZATION_LEVEL = 0;
				GCC_PREPROCESSOR_DEFINITIONS = (
					"DEBUG=1",
					"$(inherited)",
				);
				GCC_WARN_64_TO_32_BIT_CONVERSION = YES;
				GCC_WARN_ABOUT_RETURN_TYPE = YES_ERROR;
				GCC_WARN_UNDECLARED_SELECTOR = YES;
				GCC_WARN_UNINITIALIZED_AUTOS = YES_AGGRESSIVE;
				GCC_WARN_UNUSED_FUNCTION = YES;
				GCC_WARN_UNUSED_VARIABLE = YES;
				IPHONEOS_DEPLOYMENT_TARGET = 13.5;
				MTL_ENABLE_DEBUG_INFO = INCLUDE_SOURCE;
				MTL_FAST_MATH = YES;
				ONLY_ACTIVE_ARCH = YES;
				SDKROOT = iphoneos;
				SWIFT_ACTIVE_COMPILATION_CONDITIONS = DEBUG;
				SWIFT_OPTIMIZATION_LEVEL = "-Onone";
			};
			name = Debug;
		};
		52C38081247BECD300D7972A /* Release */ = {
			isa = XCBuildConfiguration;
			buildSettings = {
				ALWAYS_SEARCH_USER_PATHS = NO;
				CLANG_ANALYZER_NONNULL = YES;
				CLANG_ANALYZER_NUMBER_OBJECT_CONVERSION = YES_AGGRESSIVE;
				CLANG_CXX_LANGUAGE_STANDARD = "gnu++14";
				CLANG_CXX_LIBRARY = "libc++";
				CLANG_ENABLE_MODULES = YES;
				CLANG_ENABLE_OBJC_ARC = YES;
				CLANG_ENABLE_OBJC_WEAK = YES;
				CLANG_WARN_BLOCK_CAPTURE_AUTORELEASING = YES;
				CLANG_WARN_BOOL_CONVERSION = YES;
				CLANG_WARN_COMMA = YES;
				CLANG_WARN_CONSTANT_CONVERSION = YES;
				CLANG_WARN_DEPRECATED_OBJC_IMPLEMENTATIONS = YES;
				CLANG_WARN_DIRECT_OBJC_ISA_USAGE = YES_ERROR;
				CLANG_WARN_DOCUMENTATION_COMMENTS = YES;
				CLANG_WARN_EMPTY_BODY = YES;
				CLANG_WARN_ENUM_CONVERSION = YES;
				CLANG_WARN_INFINITE_RECURSION = YES;
				CLANG_WARN_INT_CONVERSION = YES;
				CLANG_WARN_NON_LITERAL_NULL_CONVERSION = YES;
				CLANG_WARN_OBJC_IMPLICIT_RETAIN_SELF = YES;
				CLANG_WARN_OBJC_LITERAL_CONVERSION = YES;
				CLANG_WARN_OBJC_ROOT_CLASS = YES_ERROR;
				CLANG_WARN_RANGE_LOOP_ANALYSIS = YES;
				CLANG_WARN_STRICT_PROTOTYPES = YES;
				CLANG_WARN_SUSPICIOUS_MOVE = YES;
				CLANG_WARN_UNGUARDED_AVAILABILITY = YES_AGGRESSIVE;
				CLANG_WARN_UNREACHABLE_CODE = YES;
				CLANG_WARN__DUPLICATE_METHOD_MATCH = YES;
				COPY_PHASE_STRIP = NO;
				DEBUG_INFORMATION_FORMAT = "dwarf-with-dsym";
				ENABLE_NS_ASSERTIONS = NO;
				ENABLE_STRICT_OBJC_MSGSEND = YES;
				GCC_C_LANGUAGE_STANDARD = gnu11;
				GCC_NO_COMMON_BLOCKS = YES;
				GCC_WARN_64_TO_32_BIT_CONVERSION = YES;
				GCC_WARN_ABOUT_RETURN_TYPE = YES_ERROR;
				GCC_WARN_UNDECLARED_SELECTOR = YES;
				GCC_WARN_UNINITIALIZED_AUTOS = YES_AGGRESSIVE;
				GCC_WARN_UNUSED_FUNCTION = YES;
				GCC_WARN_UNUSED_VARIABLE = YES;
				IPHONEOS_DEPLOYMENT_TARGET = 13.5;
				MTL_ENABLE_DEBUG_INFO = NO;
				MTL_FAST_MATH = YES;
				SDKROOT = iphoneos;
				SWIFT_COMPILATION_MODE = wholemodule;
				SWIFT_OPTIMIZATION_LEVEL = "-O";
				VALIDATE_PRODUCT = YES;
			};
			name = Release;
		};
		52C38083247BECD300D7972A /* Debug */ = {
			isa = XCBuildConfiguration;
			baseConfigurationReference = 473C1942051FA26DFEE17DB3 /* Pods-Pain.debug.xcconfig */;
			buildSettings = {
				ASSETCATALOG_COMPILER_APPICON_NAME = AppIcon;
				CODE_SIGN_STYLE = Automatic;
				DEVELOPMENT_TEAM = B7W23X7N33;
				INFOPLIST_FILE = Pain/Info.plist;
				IPHONEOS_DEPLOYMENT_TARGET = 13.0;
				LD_RUNPATH_SEARCH_PATHS = (
					"$(inherited)",
					"@executable_path/Frameworks",
				);
				PRODUCT_BUNDLE_IDENTIFIER = "leandro-ramos.Pain";
				PRODUCT_NAME = "$(TARGET_NAME)";
				SWIFT_VERSION = 5.0;
				TARGETED_DEVICE_FAMILY = 1;
			};
			name = Debug;
		};
		52C38084247BECD300D7972A /* Release */ = {
			isa = XCBuildConfiguration;
			baseConfigurationReference = 735E7DEF44DEF45AE3FFA8D9 /* Pods-Pain.release.xcconfig */;
			buildSettings = {
				ASSETCATALOG_COMPILER_APPICON_NAME = AppIcon;
				CODE_SIGN_STYLE = Automatic;
				DEVELOPMENT_TEAM = B7W23X7N33;
				INFOPLIST_FILE = Pain/Info.plist;
				IPHONEOS_DEPLOYMENT_TARGET = 13.0;
				LD_RUNPATH_SEARCH_PATHS = (
					"$(inherited)",
					"@executable_path/Frameworks",
				);
				PRODUCT_BUNDLE_IDENTIFIER = "leandro-ramos.Pain";
				PRODUCT_NAME = "$(TARGET_NAME)";
				SWIFT_VERSION = 5.0;
				TARGETED_DEVICE_FAMILY = 1;
			};
			name = Release;
		};
		52C38086247BECD300D7972A /* Debug */ = {
			isa = XCBuildConfiguration;
			baseConfigurationReference = 3179B4605C7F8863016CACB4 /* Pods-PainTests.debug.xcconfig */;
			buildSettings = {
				ALWAYS_EMBED_SWIFT_STANDARD_LIBRARIES = YES;
				BUNDLE_LOADER = "$(TEST_HOST)";
				CODE_SIGN_STYLE = Automatic;
				DEVELOPMENT_TEAM = MDDP3J8FL2;
				INFOPLIST_FILE = PainTests/Info.plist;
				IPHONEOS_DEPLOYMENT_TARGET = 13.5;
				LD_RUNPATH_SEARCH_PATHS = (
					"$(inherited)",
					"@executable_path/Frameworks",
					"@loader_path/Frameworks",
				);
				PRODUCT_BUNDLE_IDENTIFIER = "leandro-ramos.PainTests";
				PRODUCT_NAME = "$(TARGET_NAME)";
				SWIFT_VERSION = 5.0;
				TARGETED_DEVICE_FAMILY = "1,2";
				TEST_HOST = "$(BUILT_PRODUCTS_DIR)/Pain.app/Pain";
			};
			name = Debug;
		};
		52C38087247BECD300D7972A /* Release */ = {
			isa = XCBuildConfiguration;
			baseConfigurationReference = 726ECFF331CF81F5774E0699 /* Pods-PainTests.release.xcconfig */;
			buildSettings = {
				ALWAYS_EMBED_SWIFT_STANDARD_LIBRARIES = YES;
				BUNDLE_LOADER = "$(TEST_HOST)";
				CODE_SIGN_STYLE = Automatic;
				DEVELOPMENT_TEAM = MDDP3J8FL2;
				INFOPLIST_FILE = PainTests/Info.plist;
				IPHONEOS_DEPLOYMENT_TARGET = 13.5;
				LD_RUNPATH_SEARCH_PATHS = (
					"$(inherited)",
					"@executable_path/Frameworks",
					"@loader_path/Frameworks",
				);
				PRODUCT_BUNDLE_IDENTIFIER = "leandro-ramos.PainTests";
				PRODUCT_NAME = "$(TARGET_NAME)";
				SWIFT_VERSION = 5.0;
				TARGETED_DEVICE_FAMILY = "1,2";
				TEST_HOST = "$(BUILT_PRODUCTS_DIR)/Pain.app/Pain";
			};
			name = Release;
		};
/* End XCBuildConfiguration section */

/* Begin XCConfigurationList section */
		52C3805B247BECD100D7972A /* Build configuration list for PBXProject "Pain" */ = {
			isa = XCConfigurationList;
			buildConfigurations = (
				52C38080247BECD300D7972A /* Debug */,
				52C38081247BECD300D7972A /* Release */,
			);
			defaultConfigurationIsVisible = 0;
			defaultConfigurationName = Release;
		};
		52C38082247BECD300D7972A /* Build configuration list for PBXNativeTarget "Pain" */ = {
			isa = XCConfigurationList;
			buildConfigurations = (
				52C38083247BECD300D7972A /* Debug */,
				52C38084247BECD300D7972A /* Release */,
			);
			defaultConfigurationIsVisible = 0;
			defaultConfigurationName = Release;
		};
		52C38085247BECD300D7972A /* Build configuration list for PBXNativeTarget "PainTests" */ = {
			isa = XCConfigurationList;
			buildConfigurations = (
				52C38086247BECD300D7972A /* Debug */,
				52C38087247BECD300D7972A /* Release */,
			);
			defaultConfigurationIsVisible = 0;
			defaultConfigurationName = Release;
		};
/* End XCConfigurationList section */

/* Begin XCVersionGroup section */
		52C3806C247BECD100D7972A /* Pain.xcdatamodeld */ = {
			isa = XCVersionGroup;
			children = (
				52C3806D247BECD100D7972A /* Pain.xcdatamodel */,
			);
			currentVersion = 52C3806D247BECD100D7972A /* Pain.xcdatamodel */;
			path = Pain.xcdatamodeld;
			sourceTree = "<group>";
			versionGroupType = wrapper.xcdatamodel;
		};
/* End XCVersionGroup section */
	};
	rootObject = 52C38058247BECD100D7972A /* Project object */;
}
